// !$*UTF8*$!
{
	archiveVersion = 1;
	classes = {
	};
	objectVersion = 50;
	objects = {

/* Begin PBXBuildFile section */
		300727A020CFE3C700A33AD7 /* EventBus.cpp in Sources */ = {isa = PBXBuildFile; fileRef = 3007279E20CFE3C700A33AD7 /* EventBus.cpp */; };
		300727A120CFE3C700A33AD7 /* EventBus.hpp in Headers */ = {isa = PBXBuildFile; fileRef = 3007279F20CFE3C700A33AD7 /* EventBus.hpp */; };
		300727A420CFE3EF00A33AD7 /* Event.cpp in Sources */ = {isa = PBXBuildFile; fileRef = 300727A220CFE3EF00A33AD7 /* Event.cpp */; };
		300727A520CFE3EF00A33AD7 /* Event.hpp in Headers */ = {isa = PBXBuildFile; fileRef = 300727A320CFE3EF00A33AD7 /* Event.hpp */; };
		300727AA20CFE80900A33AD7 /* EventNode.cpp in Sources */ = {isa = PBXBuildFile; fileRef = 300727A820CFE80900A33AD7 /* EventNode.cpp */; };
		300727AB20CFE80900A33AD7 /* EventNode.hpp in Headers */ = {isa = PBXBuildFile; fileRef = 300727A920CFE80900A33AD7 /* EventNode.hpp */; };
		300D1FF120C4967200CF5155 /* CoreFoundation.framework in Frameworks */ = {isa = PBXBuildFile; fileRef = 300D1FF020C4967100CF5155 /* CoreFoundation.framework */; };
		300D1FF220C4967F00CF5155 /* CoreFoundation.framework in Frameworks */ = {isa = PBXBuildFile; fileRef = 300D1FF020C4967100CF5155 /* CoreFoundation.framework */; };
		300D1FF320C496D400CF5155 /* libUtilities.a in Frameworks */ = {isa = PBXBuildFile; fileRef = 304F93EC20C493500017F7E3 /* libUtilities.a */; };
		300D1FF620C496F800CF5155 /* CoreFoundation.framework in Frameworks */ = {isa = PBXBuildFile; fileRef = 300D1FF020C4967100CF5155 /* CoreFoundation.framework */; };
		300D1FF720C4972B00CF5155 /* IOKit.framework in Frameworks */ = {isa = PBXBuildFile; fileRef = 300D1FED20C4961300CF5155 /* IOKit.framework */; };
		300D1FFA20C4973F00CF5155 /* IOKit.framework in Frameworks */ = {isa = PBXBuildFile; fileRef = 300D1FED20C4961300CF5155 /* IOKit.framework */; };
		300DF97120D93D420018BBA5 /* MouseInterface.cpp in Sources */ = {isa = PBXBuildFile; fileRef = 300DF96F20D93D420018BBA5 /* MouseInterface.cpp */; };
		300DF97220D93D420018BBA5 /* MouseInterface.hpp in Headers */ = {isa = PBXBuildFile; fileRef = 300DF97020D93D420018BBA5 /* MouseInterface.hpp */; };
		3028A8BD210C94A700C9CF8D /* HeightMap.cpp in Sources */ = {isa = PBXBuildFile; fileRef = 3028A8BB210C94A700C9CF8D /* HeightMap.cpp */; };
		3028A8BE210C94A700C9CF8D /* HeightMap.hpp in Headers */ = {isa = PBXBuildFile; fileRef = 3028A8BC210C94A700C9CF8D /* HeightMap.hpp */; };
		3028A8C1210C9DDB00C9CF8D /* PerlinNoise.cpp in Sources */ = {isa = PBXBuildFile; fileRef = 3028A8BF210C9DDB00C9CF8D /* PerlinNoise.cpp */; };
		3028A8C2210C9DDB00C9CF8D /* PerlinNoise.hpp in Headers */ = {isa = PBXBuildFile; fileRef = 3028A8C0210C9DDB00C9CF8D /* PerlinNoise.hpp */; };
		304F93E620C458880017F7E3 /* RenderObject.cpp in Sources */ = {isa = PBXBuildFile; fileRef = 304F93E420C458880017F7E3 /* RenderObject.cpp */; };
		304F93E720C458880017F7E3 /* RenderObject.hpp in Headers */ = {isa = PBXBuildFile; fileRef = 304F93E520C458880017F7E3 /* RenderObject.hpp */; };
		304F93F920C4936F0017F7E3 /* IDGenerator.cpp in Sources */ = {isa = PBXBuildFile; fileRef = 304F93F720C4936F0017F7E3 /* IDGenerator.cpp */; };
		304F93FA20C4936F0017F7E3 /* IDGenerator.hpp in Headers */ = {isa = PBXBuildFile; fileRef = 304F93F820C4936F0017F7E3 /* IDGenerator.hpp */; };
		304F93FD20C493B90017F7E3 /* libUtilities.a in Frameworks */ = {isa = PBXBuildFile; fileRef = 304F93EC20C493500017F7E3 /* libUtilities.a */; };
		3051905520C2FC4D001167E8 /* Mesh.cpp in Sources */ = {isa = PBXBuildFile; fileRef = 3051905320C2FC4D001167E8 /* Mesh.cpp */; };
		3051905620C2FC4D001167E8 /* Mesh.hpp in Headers */ = {isa = PBXBuildFile; fileRef = 3051905420C2FC4D001167E8 /* Mesh.hpp */; };
		3051907820C2FE18001167E8 /* Vector2.hpp in Headers */ = {isa = PBXBuildFile; fileRef = 3051907620C2FE18001167E8 /* Vector2.hpp */; };
		3051907C20C3009D001167E8 /* Vector3.hpp in Headers */ = {isa = PBXBuildFile; fileRef = 3051907A20C3009D001167E8 /* Vector3.hpp */; };
		3051907F20C30173001167E8 /* Matrix3.cpp in Sources */ = {isa = PBXBuildFile; fileRef = 3051907D20C30173001167E8 /* Matrix3.cpp */; };
		3051908020C30173001167E8 /* Matrix3.hpp in Headers */ = {isa = PBXBuildFile; fileRef = 3051907E20C30173001167E8 /* Matrix3.hpp */; };
		3051908320C30186001167E8 /* Matrix4.cpp in Sources */ = {isa = PBXBuildFile; fileRef = 3051908120C30186001167E8 /* Matrix4.cpp */; };
		3051908420C30186001167E8 /* Matrix4.hpp in Headers */ = {isa = PBXBuildFile; fileRef = 3051908220C30186001167E8 /* Matrix4.hpp */; };
		3051908B20C3026B001167E8 /* libMaths.a in Frameworks */ = {isa = PBXBuildFile; fileRef = 3051906A20C2FE0B001167E8 /* libMaths.a */; };
		3051908F20C3032C001167E8 /* Vector4.hpp in Headers */ = {isa = PBXBuildFile; fileRef = 3051908D20C3032C001167E8 /* Vector4.hpp */; };
		3051909220C3038F001167E8 /* MathUtils.cpp in Sources */ = {isa = PBXBuildFile; fileRef = 3051909020C3038F001167E8 /* MathUtils.cpp */; };
		3051909320C3038F001167E8 /* MathUtils.hpp in Headers */ = {isa = PBXBuildFile; fileRef = 3051909120C3038F001167E8 /* MathUtils.hpp */; };
		306CD67620D45BE300394FCF /* Timer.cpp in Sources */ = {isa = PBXBuildFile; fileRef = 306CD67420D45BE300394FCF /* Timer.cpp */; };
		306CD67720D45BE300394FCF /* Timer.hpp in Headers */ = {isa = PBXBuildFile; fileRef = 306CD67520D45BE300394FCF /* Timer.hpp */; };
		306CD69120D5751000394FCF /* libEventSystem.a in Frameworks */ = {isa = PBXBuildFile; fileRef = 3007279320CFE3AA00A33AD7 /* libEventSystem.a */; };
		306CD69220D5751000394FCF /* libMaths.a in Frameworks */ = {isa = PBXBuildFile; fileRef = 3051906A20C2FE0B001167E8 /* libMaths.a */; };
		306CD69320D5751000394FCF /* libUtilities.a in Frameworks */ = {isa = PBXBuildFile; fileRef = 304F93EC20C493500017F7E3 /* libUtilities.a */; };
		306CD69420D5758A00394FCF /* libInterface.a in Frameworks */ = {isa = PBXBuildFile; fileRef = 306CD67C20D574C500394FCF /* libInterface.a */; };
		306CD69B20D58F8E00394FCF /* KeyboardInterface.cpp in Sources */ = {isa = PBXBuildFile; fileRef = 306CD69920D58F8E00394FCF /* KeyboardInterface.cpp */; };
		306CD69C20D58F8E00394FCF /* KeyboardInterface.hpp in Headers */ = {isa = PBXBuildFile; fileRef = 306CD69A20D58F8E00394FCF /* KeyboardInterface.hpp */; };
		306CD69F20D5A19900394FCF /* HeightMap.cpp in Sources */ = {isa = PBXBuildFile; fileRef = 306CD69D20D5A19900394FCF /* HeightMap.cpp */; };
		306CD6A020D5A19900394FCF /* HeightMap.hpp in Headers */ = {isa = PBXBuildFile; fileRef = 306CD69E20D5A19900394FCF /* HeightMap.hpp */; };
		3089E70C20BF043D00C46E54 /* main.cpp in Sources */ = {isa = PBXBuildFile; fileRef = 3089E70B20BF043D00C46E54 /* main.cpp */; };
		3089E71420BF047900C46E54 /* OpenGL.framework in Frameworks */ = {isa = PBXBuildFile; fileRef = 3089E71320BF047900C46E54 /* OpenGL.framework */; };
		3089E71620BF049C00C46E54 /* libGLEW.2.1.0.dylib in Frameworks */ = {isa = PBXBuildFile; fileRef = 3089E71520BF049C00C46E54 /* libGLEW.2.1.0.dylib */; };
		3089E71820BF04BB00C46E54 /* libglfw.3.2.dylib in Frameworks */ = {isa = PBXBuildFile; fileRef = 3089E71720BF04BB00C46E54 /* libglfw.3.2.dylib */; };
		3089E77720BF2B2400C46E54 /* Renderer.cpp in Sources */ = {isa = PBXBuildFile; fileRef = 3089E75220BF0F1D00C46E54 /* Renderer.cpp */; };
		3089E77920BF2B3300C46E54 /* OpenGL.framework in Frameworks */ = {isa = PBXBuildFile; fileRef = 3089E71320BF047900C46E54 /* OpenGL.framework */; };
		3089E77A20BF2B4100C46E54 /* libglfw.3.2.dylib in Frameworks */ = {isa = PBXBuildFile; fileRef = 3089E71720BF04BB00C46E54 /* libglfw.3.2.dylib */; };
		3089E77B20BF2B5600C46E54 /* libGLEW.2.1.0.dylib in Frameworks */ = {isa = PBXBuildFile; fileRef = 3089E71520BF049C00C46E54 /* libGLEW.2.1.0.dylib */; };
		3089E78120BF2D0400C46E54 /* libGraphics.a in Frameworks */ = {isa = PBXBuildFile; fileRef = 3089E76A20BF2A8900C46E54 /* libGraphics.a */; };
		30ABF54920E7B2CE0073747A /* TinyObjConverter.cpp in Sources */ = {isa = PBXBuildFile; fileRef = 30ABF54720E7B2CE0073747A /* TinyObjConverter.cpp */; };
		30ABF54A20E7B2CE0073747A /* TinyObjConverter.hpp in Headers */ = {isa = PBXBuildFile; fileRef = 30ABF54820E7B2CE0073747A /* TinyObjConverter.hpp */; };
		30AD405B20E42380007E291A /* tiny_obj_loader.cpp in Sources */ = {isa = PBXBuildFile; fileRef = 30AD405920E42380007E291A /* tiny_obj_loader.cpp */; };
		30AD405C20E42380007E291A /* tiny_obj_loader.hpp in Headers */ = {isa = PBXBuildFile; fileRef = 30AD405A20E42380007E291A /* tiny_obj_loader.hpp */; };
		30D10CB620F26F63001218AF /* Light.cpp in Sources */ = {isa = PBXBuildFile; fileRef = 30D10CB420F26F63001218AF /* Light.cpp */; };
		30D10CB720F26F63001218AF /* Light.hpp in Headers */ = {isa = PBXBuildFile; fileRef = 30D10CB520F26F63001218AF /* Light.hpp */; };
		30D50FFB20F673090053BD71 /* GameObject.cpp in Sources */ = {isa = PBXBuildFile; fileRef = 30D50FF920F673090053BD71 /* GameObject.cpp */; };
		30D50FFC20F673090053BD71 /* GameObject.hpp in Headers */ = {isa = PBXBuildFile; fileRef = 30D50FFA20F673090053BD71 /* GameObject.hpp */; };
		30D5100E20F69A850053BD71 /* Level.cpp in Sources */ = {isa = PBXBuildFile; fileRef = 30D5100C20F69A850053BD71 /* Level.cpp */; };
		30D5100F20F69A850053BD71 /* Level.hpp in Headers */ = {isa = PBXBuildFile; fileRef = 30D5100D20F69A850053BD71 /* Level.hpp */; };
		30D5101220F69AF40053BD71 /* libScene.a in Frameworks */ = {isa = PBXBuildFile; fileRef = 30D5100120F69A6F0053BD71 /* libScene.a */; };
		30D5101B20F69B260053BD71 /* libEventSystem.a in Frameworks */ = {isa = PBXBuildFile; fileRef = 3007279320CFE3AA00A33AD7 /* libEventSystem.a */; };
		30D5101C20F69B260053BD71 /* libGame.a in Frameworks */ = {isa = PBXBuildFile; fileRef = 3051905B20C2FDDD001167E8 /* libGame.a */; };
		30D5101D20F69B260053BD71 /* libMaths.a in Frameworks */ = {isa = PBXBuildFile; fileRef = 3051906A20C2FE0B001167E8 /* libMaths.a */; };
		30D5101E20F69B260053BD71 /* libUtilities.a in Frameworks */ = {isa = PBXBuildFile; fileRef = 304F93EC20C493500017F7E3 /* libUtilities.a */; };
		30D5102120F6A29B0053BD71 /* GraphicsUtils.cpp in Sources */ = {isa = PBXBuildFile; fileRef = 30D5101F20F6A29B0053BD71 /* GraphicsUtils.cpp */; };
		30D5102220F6A29B0053BD71 /* GraphicsUtils.hpp in Headers */ = {isa = PBXBuildFile; fileRef = 30D5102020F6A29B0053BD71 /* GraphicsUtils.hpp */; };
		30E514D620DEFB83004C2314 /* libMaths.a in Frameworks */ = {isa = PBXBuildFile; fileRef = 3051906A20C2FE0B001167E8 /* libMaths.a */; };
		30E514D720DEFB83004C2314 /* libUtilities.a in Frameworks */ = {isa = PBXBuildFile; fileRef = 304F93EC20C493500017F7E3 /* libUtilities.a */; };
		30E514DB20DEFBAA004C2314 /* Common.hpp in Headers */ = {isa = PBXBuildFile; fileRef = 30E514D920DEFBAA004C2314 /* Common.hpp */; };
		30E514DE20DEFBCB004C2314 /* libEventSystem.a in Frameworks */ = {isa = PBXBuildFile; fileRef = 3007279320CFE3AA00A33AD7 /* libEventSystem.a */; };
		30E514DF20DEFBCB004C2314 /* libFileIO.a in Frameworks */ = {isa = PBXBuildFile; fileRef = 30E514C720DEFB5F004C2314 /* libFileIO.a */; };
		30E514E020DEFBCB004C2314 /* libMaths.a in Frameworks */ = {isa = PBXBuildFile; fileRef = 3051906A20C2FE0B001167E8 /* libMaths.a */; };
		30E514E320DEFBF5004C2314 /* OBJReader.cpp in Sources */ = {isa = PBXBuildFile; fileRef = 30E514E120DEFBF5004C2314 /* OBJReader.cpp */; };
		30E514E420DEFBF5004C2314 /* OBJReader.hpp in Headers */ = {isa = PBXBuildFile; fileRef = 30E514E220DEFBF5004C2314 /* OBJReader.hpp */; };
		30E7640C20CC437000934522 /* Camera.cpp in Sources */ = {isa = PBXBuildFile; fileRef = 30E7640A20CC437000934522 /* Camera.cpp */; };
		30E7640D20CC437000934522 /* Camera.hpp in Headers */ = {isa = PBXBuildFile; fileRef = 30E7640B20CC437000934522 /* Camera.hpp */; };
		30EB224E20BF60CA002D1B3E /* GraphicsNode.cpp in Sources */ = {isa = PBXBuildFile; fileRef = 30EB224C20BF60CA002D1B3E /* GraphicsNode.cpp */; };
		30EB224F20BF60CA002D1B3E /* GraphicsNode.hpp in Headers */ = {isa = PBXBuildFile; fileRef = 30EB224D20BF60CA002D1B3E /* GraphicsNode.hpp */; };
		30EB225220BF6AC3002D1B3E /* Shader.cpp in Sources */ = {isa = PBXBuildFile; fileRef = 30EB225020BF6AC3002D1B3E /* Shader.cpp */; };
		30EB225320BF6AC3002D1B3E /* Shader.hpp in Headers */ = {isa = PBXBuildFile; fileRef = 30EB225120BF6AC3002D1B3E /* Shader.hpp */; };
		30F1CFBF20D2D2A100664907 /* Logger.cpp in Sources */ = {isa = PBXBuildFile; fileRef = 30F1CFBD20D2D2A100664907 /* Logger.cpp */; };
		30F1CFC020D2D2A100664907 /* Logger.hpp in Headers */ = {isa = PBXBuildFile; fileRef = 30F1CFBE20D2D2A100664907 /* Logger.hpp */; };
		30F1CFC520D2D91C00664907 /* libEventSystem.a in Frameworks */ = {isa = PBXBuildFile; fileRef = 3007279320CFE3AA00A33AD7 /* libEventSystem.a */; };
		30F1CFC820D2D9CD00664907 /* GameNode.cpp in Sources */ = {isa = PBXBuildFile; fileRef = 30F1CFC620D2D9CD00664907 /* GameNode.cpp */; };
		30F1CFC920D2D9CD00664907 /* GameNode.hpp in Headers */ = {isa = PBXBuildFile; fileRef = 30F1CFC720D2D9CD00664907 /* GameNode.hpp */; };
		30F1CFCA20D2D9F700664907 /* libUtilities.a in Frameworks */ = {isa = PBXBuildFile; fileRef = 304F93EC20C493500017F7E3 /* libUtilities.a */; };
		30F1CFCB20D2DA0100664907 /* libEventSystem.a in Frameworks */ = {isa = PBXBuildFile; fileRef = 3007279320CFE3AA00A33AD7 /* libEventSystem.a */; };
		30F1CFCC20D2DA0100664907 /* libMaths.a in Frameworks */ = {isa = PBXBuildFile; fileRef = 3051906A20C2FE0B001167E8 /* libMaths.a */; };
		30F1CFCF20D2DA6000664907 /* libGame.a in Frameworks */ = {isa = PBXBuildFile; fileRef = 3051905B20C2FDDD001167E8 /* libGame.a */; };
		30FC5C5C20DAB16000C1FE58 /* InterfaceHandler.cpp in Sources */ = {isa = PBXBuildFile; fileRef = 30FC5C5A20DAB16000C1FE58 /* InterfaceHandler.cpp */; };
		30FC5C5D20DAB16000C1FE58 /* InterfaceHandler.hpp in Headers */ = {isa = PBXBuildFile; fileRef = 30FC5C5B20DAB16000C1FE58 /* InterfaceHandler.hpp */; };
		30FEBD1020DFE7C7008F3879 /* libFileIO.a in Frameworks */ = {isa = PBXBuildFile; fileRef = 30E514C720DEFB5F004C2314 /* libFileIO.a */; };
		30FEBD3520E000EC008F3879 /* stbi_ext_c.h in Headers */ = {isa = PBXBuildFile; fileRef = 30FEBD2020E000EA008F3879 /* stbi_ext_c.h */; };
		30FEBD3620E000EC008F3879 /* stbi_pkm_c.h in Headers */ = {isa = PBXBuildFile; fileRef = 30FEBD2120E000EA008F3879 /* stbi_pkm_c.h */; };
		30FEBD3720E000EC008F3879 /* stbi_pvr_c.h in Headers */ = {isa = PBXBuildFile; fileRef = 30FEBD2220E000EA008F3879 /* stbi_pvr_c.h */; };
		30FEBD3820E000EC008F3879 /* stbi_pvr.h in Headers */ = {isa = PBXBuildFile; fileRef = 30FEBD2320E000EB008F3879 /* stbi_pvr.h */; };
		30FEBD3920E000EC008F3879 /* stb_image.h in Headers */ = {isa = PBXBuildFile; fileRef = 30FEBD2420E000EB008F3879 /* stb_image.h */; };
		30FEBD3A20E000EC008F3879 /* SOIL2.c in Sources */ = {isa = PBXBuildFile; fileRef = 30FEBD2520E000EB008F3879 /* SOIL2.c */; };
		30FEBD3B20E000EC008F3879 /* stbi_DDS.h in Headers */ = {isa = PBXBuildFile; fileRef = 30FEBD2620E000EB008F3879 /* stbi_DDS.h */; };
		30FEBD3C20E000EC008F3879 /* image_DXT.h in Headers */ = {isa = PBXBuildFile; fileRef = 30FEBD2720E000EB008F3879 /* image_DXT.h */; };
		30FEBD3D20E000EC008F3879 /* image_helper.h in Headers */ = {isa = PBXBuildFile; fileRef = 30FEBD2820E000EB008F3879 /* image_helper.h */; };
		30FEBD3E20E000EC008F3879 /* stbi_DDS_c.h in Headers */ = {isa = PBXBuildFile; fileRef = 30FEBD2920E000EB008F3879 /* stbi_DDS_c.h */; };
		30FEBD3F20E000EC008F3879 /* image_DXT.c in Sources */ = {isa = PBXBuildFile; fileRef = 30FEBD2A20E000EB008F3879 /* image_DXT.c */; };
		30FEBD4020E000EC008F3879 /* etc1_utils.h in Headers */ = {isa = PBXBuildFile; fileRef = 30FEBD2B20E000EB008F3879 /* etc1_utils.h */; };
		30FEBD4120E000EC008F3879 /* image_helper.c in Sources */ = {isa = PBXBuildFile; fileRef = 30FEBD2C20E000EB008F3879 /* image_helper.c */; };
		30FEBD4220E000EC008F3879 /* pkm_helper.h in Headers */ = {isa = PBXBuildFile; fileRef = 30FEBD2D20E000EB008F3879 /* pkm_helper.h */; };
		30FEBD4320E000EC008F3879 /* stbi_ext.h in Headers */ = {isa = PBXBuildFile; fileRef = 30FEBD2E20E000EC008F3879 /* stbi_ext.h */; };
		30FEBD4420E000EC008F3879 /* etc1_utils.c in Sources */ = {isa = PBXBuildFile; fileRef = 30FEBD2F20E000EC008F3879 /* etc1_utils.c */; };
		30FEBD4520E000EC008F3879 /* jo_jpeg.h in Headers */ = {isa = PBXBuildFile; fileRef = 30FEBD3020E000EC008F3879 /* jo_jpeg.h */; };
		30FEBD4620E000EC008F3879 /* SOIL2.h in Headers */ = {isa = PBXBuildFile; fileRef = 30FEBD3120E000EC008F3879 /* SOIL2.h */; };
		30FEBD4720E000EC008F3879 /* pvr_helper.h in Headers */ = {isa = PBXBuildFile; fileRef = 30FEBD3220E000EC008F3879 /* pvr_helper.h */; };
		30FEBD4820E000EC008F3879 /* stb_image_write.h in Headers */ = {isa = PBXBuildFile; fileRef = 30FEBD3320E000EC008F3879 /* stb_image_write.h */; };
		30FEBD4920E000EC008F3879 /* stbi_pkm.h in Headers */ = {isa = PBXBuildFile; fileRef = 30FEBD3420E000EC008F3879 /* stbi_pkm.h */; };
		30FEBD4C20E00102008F3879 /* libSOIL2.a in Frameworks */ = {isa = PBXBuildFile; fileRef = 30FEBD1520E00082008F3879 /* libSOIL2.a */; };
		30FF488D20EE6F4E00BE3EEA /* MasterRenderer.cpp in Sources */ = {isa = PBXBuildFile; fileRef = 30FF488B20EE6F4E00BE3EEA /* MasterRenderer.cpp */; };
		30FF488E20EE6F4E00BE3EEA /* MasterRenderer.hpp in Headers */ = {isa = PBXBuildFile; fileRef = 30FF488C20EE6F4E00BE3EEA /* MasterRenderer.hpp */; };
/* End PBXBuildFile section */

/* Begin PBXContainerItemProxy section */
		300727A620CFE45F00A33AD7 /* PBXContainerItemProxy */ = {
			isa = PBXContainerItemProxy;
			containerPortal = 3089E70020BF043D00C46E54 /* Project object */;
			proxyType = 1;
			remoteGlobalIDString = 3007279220CFE3AA00A33AD7;
			remoteInfo = EventSystem;
		};
		300D1FF420C496DB00CF5155 /* PBXContainerItemProxy */ = {
			isa = PBXContainerItemProxy;
			containerPortal = 3089E70020BF043D00C46E54 /* Project object */;
			proxyType = 1;
			remoteGlobalIDString = 304F93EB20C493500017F7E3;
			remoteInfo = Utilities;
		};
		304F93FB20C493AF0017F7E3 /* PBXContainerItemProxy */ = {
			isa = PBXContainerItemProxy;
			containerPortal = 3089E70020BF043D00C46E54 /* Project object */;
			proxyType = 1;
			remoteGlobalIDString = 304F93EB20C493500017F7E3;
			remoteInfo = Utilities;
		};
		3051908920C3025E001167E8 /* PBXContainerItemProxy */ = {
			isa = PBXContainerItemProxy;
			containerPortal = 3089E70020BF043D00C46E54 /* Project object */;
			proxyType = 1;
			remoteGlobalIDString = 3051906920C2FE0B001167E8;
			remoteInfo = Maths;
		};
		306CD68B20D5750500394FCF /* PBXContainerItemProxy */ = {
			isa = PBXContainerItemProxy;
			containerPortal = 3089E70020BF043D00C46E54 /* Project object */;
			proxyType = 1;
			remoteGlobalIDString = 3051906920C2FE0B001167E8;
			remoteInfo = Maths;
		};
		306CD68D20D5750500394FCF /* PBXContainerItemProxy */ = {
			isa = PBXContainerItemProxy;
			containerPortal = 3089E70020BF043D00C46E54 /* Project object */;
			proxyType = 1;
			remoteGlobalIDString = 304F93EB20C493500017F7E3;
			remoteInfo = Utilities;
		};
		306CD68F20D5750500394FCF /* PBXContainerItemProxy */ = {
			isa = PBXContainerItemProxy;
			containerPortal = 3089E70020BF043D00C46E54 /* Project object */;
			proxyType = 1;
			remoteGlobalIDString = 3007279220CFE3AA00A33AD7;
			remoteInfo = EventSystem;
		};
		306CD69520D5759200394FCF /* PBXContainerItemProxy */ = {
			isa = PBXContainerItemProxy;
			containerPortal = 3089E70020BF043D00C46E54 /* Project object */;
			proxyType = 1;
			remoteGlobalIDString = 3051906920C2FE0B001167E8;
			remoteInfo = Maths;
		};
		306CD69720D5759200394FCF /* PBXContainerItemProxy */ = {
			isa = PBXContainerItemProxy;
			containerPortal = 3089E70020BF043D00C46E54 /* Project object */;
			proxyType = 1;
			remoteGlobalIDString = 306CD67B20D574C500394FCF;
			remoteInfo = Interface;
		};
		3089E77520BF2AE300C46E54 /* PBXContainerItemProxy */ = {
			isa = PBXContainerItemProxy;
			containerPortal = 3089E70020BF043D00C46E54 /* Project object */;
			proxyType = 1;
			remoteGlobalIDString = 3089E76920BF2A8900C46E54;
			remoteInfo = GraphicsLib;
		};
		30D5101020F69AEB0053BD71 /* PBXContainerItemProxy */ = {
			isa = PBXContainerItemProxy;
			containerPortal = 3089E70020BF043D00C46E54 /* Project object */;
			proxyType = 1;
			remoteGlobalIDString = 30D5100020F69A6F0053BD71;
			remoteInfo = Scene;
		};
		30D5101320F69B030053BD71 /* PBXContainerItemProxy */ = {
			isa = PBXContainerItemProxy;
			containerPortal = 3089E70020BF043D00C46E54 /* Project object */;
			proxyType = 1;
			remoteGlobalIDString = 3051906920C2FE0B001167E8;
			remoteInfo = Maths;
		};
		30D5101520F69B110053BD71 /* PBXContainerItemProxy */ = {
			isa = PBXContainerItemProxy;
			containerPortal = 3089E70020BF043D00C46E54 /* Project object */;
			proxyType = 1;
			remoteGlobalIDString = 3051905A20C2FDDD001167E8;
			remoteInfo = Game;
		};
		30D5101720F69B110053BD71 /* PBXContainerItemProxy */ = {
			isa = PBXContainerItemProxy;
			containerPortal = 3089E70020BF043D00C46E54 /* Project object */;
			proxyType = 1;
			remoteGlobalIDString = 304F93EB20C493500017F7E3;
			remoteInfo = Utilities;
		};
		30D5101920F69B110053BD71 /* PBXContainerItemProxy */ = {
			isa = PBXContainerItemProxy;
			containerPortal = 3089E70020BF043D00C46E54 /* Project object */;
			proxyType = 1;
			remoteGlobalIDString = 3007279220CFE3AA00A33AD7;
			remoteInfo = EventSystem;
		};
		30E514D220DEFB7A004C2314 /* PBXContainerItemProxy */ = {
			isa = PBXContainerItemProxy;
			containerPortal = 3089E70020BF043D00C46E54 /* Project object */;
			proxyType = 1;
			remoteGlobalIDString = 3051906920C2FE0B001167E8;
			remoteInfo = Maths;
		};
		30E514D420DEFB7A004C2314 /* PBXContainerItemProxy */ = {
			isa = PBXContainerItemProxy;
			containerPortal = 3089E70020BF043D00C46E54 /* Project object */;
			proxyType = 1;
			remoteGlobalIDString = 304F93EB20C493500017F7E3;
			remoteInfo = Utilities;
		};
		30E514DC20DEFBC3004C2314 /* PBXContainerItemProxy */ = {
			isa = PBXContainerItemProxy;
			containerPortal = 3089E70020BF043D00C46E54 /* Project object */;
			proxyType = 1;
			remoteGlobalIDString = 30E514C620DEFB5F004C2314;
			remoteInfo = FileIO;
		};
		30F1CFC120D2D5E100664907 /* PBXContainerItemProxy */ = {
			isa = PBXContainerItemProxy;
			containerPortal = 3089E70020BF043D00C46E54 /* Project object */;
			proxyType = 1;
			remoteGlobalIDString = 3007279220CFE3AA00A33AD7;
			remoteInfo = EventSystem;
		};
		30F1CFC320D2D5EB00664907 /* PBXContainerItemProxy */ = {
			isa = PBXContainerItemProxy;
			containerPortal = 3089E70020BF043D00C46E54 /* Project object */;
			proxyType = 1;
			remoteGlobalIDString = 3007279220CFE3AA00A33AD7;
			remoteInfo = EventSystem;
		};
		30F1CFCD20D2DA5A00664907 /* PBXContainerItemProxy */ = {
			isa = PBXContainerItemProxy;
			containerPortal = 3089E70020BF043D00C46E54 /* Project object */;
			proxyType = 1;
			remoteGlobalIDString = 3051905A20C2FDDD001167E8;
			remoteInfo = Game;
		};
		30FEBD0E20DFE7BE008F3879 /* PBXContainerItemProxy */ = {
			isa = PBXContainerItemProxy;
			containerPortal = 3089E70020BF043D00C46E54 /* Project object */;
			proxyType = 1;
			remoteGlobalIDString = 30E514C620DEFB5F004C2314;
			remoteInfo = FileIO;
		};
		30FEBD4A20E000FC008F3879 /* PBXContainerItemProxy */ = {
			isa = PBXContainerItemProxy;
			containerPortal = 3089E70020BF043D00C46E54 /* Project object */;
			proxyType = 1;
			remoteGlobalIDString = 30FEBD1420E00082008F3879;
			remoteInfo = SOIL2;
		};
/* End PBXContainerItemProxy section */

/* Begin PBXCopyFilesBuildPhase section */
		3089E70620BF043D00C46E54 /* CopyFiles */ = {
			isa = PBXCopyFilesBuildPhase;
			buildActionMask = 2147483647;
			dstPath = /usr/share/man/man1;
			dstSubfolderSpec = 0;
			files = (
			);
			runOnlyForDeploymentPostprocessing = 1;
		};
/* End PBXCopyFilesBuildPhase section */

/* Begin PBXFileReference section */
		3007279320CFE3AA00A33AD7 /* libEventSystem.a */ = {isa = PBXFileReference; explicitFileType = archive.ar; includeInIndex = 0; path = libEventSystem.a; sourceTree = BUILT_PRODUCTS_DIR; };
		3007279E20CFE3C700A33AD7 /* EventBus.cpp */ = {isa = PBXFileReference; lastKnownFileType = sourcecode.cpp.cpp; path = EventBus.cpp; sourceTree = "<group>"; };
		3007279F20CFE3C700A33AD7 /* EventBus.hpp */ = {isa = PBXFileReference; lastKnownFileType = sourcecode.cpp.h; path = EventBus.hpp; sourceTree = "<group>"; };
		300727A220CFE3EF00A33AD7 /* Event.cpp */ = {isa = PBXFileReference; lastKnownFileType = sourcecode.cpp.cpp; path = Event.cpp; sourceTree = "<group>"; };
		300727A320CFE3EF00A33AD7 /* Event.hpp */ = {isa = PBXFileReference; lastKnownFileType = sourcecode.cpp.h; path = Event.hpp; sourceTree = "<group>"; };
		300727A820CFE80900A33AD7 /* EventNode.cpp */ = {isa = PBXFileReference; lastKnownFileType = sourcecode.cpp.cpp; path = EventNode.cpp; sourceTree = "<group>"; };
		300727A920CFE80900A33AD7 /* EventNode.hpp */ = {isa = PBXFileReference; lastKnownFileType = sourcecode.cpp.h; path = EventNode.hpp; sourceTree = "<group>"; };
		300D1FED20C4961300CF5155 /* IOKit.framework */ = {isa = PBXFileReference; lastKnownFileType = wrapper.framework; name = IOKit.framework; path = System/Library/Frameworks/IOKit.framework; sourceTree = SDKROOT; };
		300D1FF020C4967100CF5155 /* CoreFoundation.framework */ = {isa = PBXFileReference; lastKnownFileType = wrapper.framework; name = CoreFoundation.framework; path = System/Library/Frameworks/CoreFoundation.framework; sourceTree = SDKROOT; };
		300D1FF820C4973800CF5155 /* libswiftIOKit.tbd */ = {isa = PBXFileReference; lastKnownFileType = "sourcecode.text-based-dylib-definition"; name = libswiftIOKit.tbd; path = System/Library/PrivateFrameworks/Swift/libswiftIOKit.tbd; sourceTree = SDKROOT; };
		300DF96F20D93D420018BBA5 /* MouseInterface.cpp */ = {isa = PBXFileReference; lastKnownFileType = sourcecode.cpp.cpp; path = MouseInterface.cpp; sourceTree = "<group>"; };
		300DF97020D93D420018BBA5 /* MouseInterface.hpp */ = {isa = PBXFileReference; lastKnownFileType = sourcecode.cpp.h; path = MouseInterface.hpp; sourceTree = "<group>"; };
		3028A8BB210C94A700C9CF8D /* HeightMap.cpp */ = {isa = PBXFileReference; lastKnownFileType = sourcecode.cpp.cpp; path = HeightMap.cpp; sourceTree = "<group>"; };
		3028A8BC210C94A700C9CF8D /* HeightMap.hpp */ = {isa = PBXFileReference; lastKnownFileType = sourcecode.cpp.h; path = HeightMap.hpp; sourceTree = "<group>"; };
		3028A8BF210C9DDB00C9CF8D /* PerlinNoise.cpp */ = {isa = PBXFileReference; lastKnownFileType = sourcecode.cpp.cpp; path = PerlinNoise.cpp; sourceTree = "<group>"; };
		3028A8C0210C9DDB00C9CF8D /* PerlinNoise.hpp */ = {isa = PBXFileReference; lastKnownFileType = sourcecode.cpp.h; path = PerlinNoise.hpp; sourceTree = "<group>"; };
		304F93E420C458880017F7E3 /* RenderObject.cpp */ = {isa = PBXFileReference; lastKnownFileType = sourcecode.cpp.cpp; path = RenderObject.cpp; sourceTree = "<group>"; usesTabs = 1; };
		304F93E520C458880017F7E3 /* RenderObject.hpp */ = {isa = PBXFileReference; lastKnownFileType = sourcecode.cpp.h; path = RenderObject.hpp; sourceTree = "<group>"; };
		304F93EC20C493500017F7E3 /* libUtilities.a */ = {isa = PBXFileReference; explicitFileType = archive.ar; includeInIndex = 0; path = libUtilities.a; sourceTree = BUILT_PRODUCTS_DIR; };
		304F93F720C4936F0017F7E3 /* IDGenerator.cpp */ = {isa = PBXFileReference; lastKnownFileType = sourcecode.cpp.cpp; path = IDGenerator.cpp; sourceTree = "<group>"; };
		304F93F820C4936F0017F7E3 /* IDGenerator.hpp */ = {isa = PBXFileReference; lastKnownFileType = sourcecode.cpp.h; path = IDGenerator.hpp; sourceTree = "<group>"; };
		3051905320C2FC4D001167E8 /* Mesh.cpp */ = {isa = PBXFileReference; lastKnownFileType = sourcecode.cpp.cpp; path = Mesh.cpp; sourceTree = "<group>"; };
		3051905420C2FC4D001167E8 /* Mesh.hpp */ = {isa = PBXFileReference; lastKnownFileType = sourcecode.cpp.h; path = Mesh.hpp; sourceTree = "<group>"; };
		3051905B20C2FDDD001167E8 /* libGame.a */ = {isa = PBXFileReference; explicitFileType = archive.ar; includeInIndex = 0; path = libGame.a; sourceTree = BUILT_PRODUCTS_DIR; };
		3051906A20C2FE0B001167E8 /* libMaths.a */ = {isa = PBXFileReference; explicitFileType = archive.ar; includeInIndex = 0; path = libMaths.a; sourceTree = BUILT_PRODUCTS_DIR; };
		3051907620C2FE18001167E8 /* Vector2.hpp */ = {isa = PBXFileReference; lastKnownFileType = sourcecode.cpp.h; path = Vector2.hpp; sourceTree = "<group>"; };
		3051907A20C3009D001167E8 /* Vector3.hpp */ = {isa = PBXFileReference; lastKnownFileType = sourcecode.cpp.h; path = Vector3.hpp; sourceTree = "<group>"; };
		3051907D20C30173001167E8 /* Matrix3.cpp */ = {isa = PBXFileReference; lastKnownFileType = sourcecode.cpp.cpp; path = Matrix3.cpp; sourceTree = "<group>"; };
		3051907E20C30173001167E8 /* Matrix3.hpp */ = {isa = PBXFileReference; lastKnownFileType = sourcecode.cpp.h; path = Matrix3.hpp; sourceTree = "<group>"; };
		3051908120C30186001167E8 /* Matrix4.cpp */ = {isa = PBXFileReference; lastKnownFileType = sourcecode.cpp.cpp; path = Matrix4.cpp; sourceTree = "<group>"; };
		3051908220C30186001167E8 /* Matrix4.hpp */ = {isa = PBXFileReference; lastKnownFileType = sourcecode.cpp.h; path = Matrix4.hpp; sourceTree = "<group>"; };
		3051908D20C3032C001167E8 /* Vector4.hpp */ = {isa = PBXFileReference; lastKnownFileType = sourcecode.cpp.h; path = Vector4.hpp; sourceTree = "<group>"; };
		3051909020C3038F001167E8 /* MathUtils.cpp */ = {isa = PBXFileReference; lastKnownFileType = sourcecode.cpp.cpp; path = MathUtils.cpp; sourceTree = "<group>"; };
		3051909120C3038F001167E8 /* MathUtils.hpp */ = {isa = PBXFileReference; lastKnownFileType = sourcecode.cpp.h; path = MathUtils.hpp; sourceTree = "<group>"; };
		3051909A20C42EBA001167E8 /* Assets */ = {isa = PBXFileReference; lastKnownFileType = folder; path = Assets; sourceTree = "<group>"; };
		306CD67420D45BE300394FCF /* Timer.cpp */ = {isa = PBXFileReference; lastKnownFileType = sourcecode.cpp.cpp; path = Timer.cpp; sourceTree = "<group>"; };
		306CD67520D45BE300394FCF /* Timer.hpp */ = {isa = PBXFileReference; lastKnownFileType = sourcecode.cpp.h; path = Timer.hpp; sourceTree = "<group>"; };
		306CD67C20D574C500394FCF /* libInterface.a */ = {isa = PBXFileReference; explicitFileType = archive.ar; includeInIndex = 0; path = libInterface.a; sourceTree = BUILT_PRODUCTS_DIR; };
		306CD69920D58F8E00394FCF /* KeyboardInterface.cpp */ = {isa = PBXFileReference; lastKnownFileType = sourcecode.cpp.cpp; path = KeyboardInterface.cpp; sourceTree = "<group>"; };
		306CD69A20D58F8E00394FCF /* KeyboardInterface.hpp */ = {isa = PBXFileReference; lastKnownFileType = sourcecode.cpp.h; path = KeyboardInterface.hpp; sourceTree = "<group>"; };
		306CD69D20D5A19900394FCF /* HeightMap.cpp */ = {isa = PBXFileReference; lastKnownFileType = sourcecode.cpp.cpp; path = HeightMap.cpp; sourceTree = "<group>"; };
		306CD69E20D5A19900394FCF /* HeightMap.hpp */ = {isa = PBXFileReference; lastKnownFileType = sourcecode.cpp.h; path = HeightMap.hpp; sourceTree = "<group>"; };
		3089E70820BF043D00C46E54 /* Initialization */ = {isa = PBXFileReference; explicitFileType = "compiled.mach-o.executable"; includeInIndex = 0; path = Initialization; sourceTree = BUILT_PRODUCTS_DIR; };
		3089E70B20BF043D00C46E54 /* main.cpp */ = {isa = PBXFileReference; lastKnownFileType = sourcecode.cpp.cpp; path = main.cpp; sourceTree = "<group>"; };
		3089E71320BF047900C46E54 /* OpenGL.framework */ = {isa = PBXFileReference; lastKnownFileType = wrapper.framework; name = OpenGL.framework; path = System/Library/Frameworks/OpenGL.framework; sourceTree = SDKROOT; };
		3089E71520BF049C00C46E54 /* libGLEW.2.1.0.dylib */ = {isa = PBXFileReference; lastKnownFileType = "compiled.mach-o.dylib"; name = libGLEW.2.1.0.dylib; path = ../../../../../../../usr/local/Cellar/glew/2.1.0/lib/libGLEW.2.1.0.dylib; sourceTree = "<group>"; };
		3089E71720BF04BB00C46E54 /* libglfw.3.2.dylib */ = {isa = PBXFileReference; lastKnownFileType = "compiled.mach-o.dylib"; name = libglfw.3.2.dylib; path = ../../../../../../../usr/local/Cellar/glfw/3.2.1/lib/libglfw.3.2.dylib; sourceTree = "<group>"; };
		3089E75220BF0F1D00C46E54 /* Renderer.cpp */ = {isa = PBXFileReference; lastKnownFileType = sourcecode.cpp.cpp; path = Renderer.cpp; sourceTree = "<group>"; };
		3089E75320BF0F1D00C46E54 /* Renderer.hpp */ = {isa = PBXFileReference; lastKnownFileType = sourcecode.cpp.h; path = Renderer.hpp; sourceTree = "<group>"; };
		3089E76A20BF2A8900C46E54 /* libGraphics.a */ = {isa = PBXFileReference; explicitFileType = archive.ar; includeInIndex = 0; path = libGraphics.a; sourceTree = BUILT_PRODUCTS_DIR; };
		30ABF54720E7B2CE0073747A /* TinyObjConverter.cpp */ = {isa = PBXFileReference; lastKnownFileType = sourcecode.cpp.cpp; path = TinyObjConverter.cpp; sourceTree = "<group>"; };
		30ABF54820E7B2CE0073747A /* TinyObjConverter.hpp */ = {isa = PBXFileReference; lastKnownFileType = sourcecode.cpp.h; path = TinyObjConverter.hpp; sourceTree = "<group>"; };
		30AD405920E42380007E291A /* tiny_obj_loader.cpp */ = {isa = PBXFileReference; lastKnownFileType = sourcecode.cpp.cpp; path = tiny_obj_loader.cpp; sourceTree = "<group>"; };
		30AD405A20E42380007E291A /* tiny_obj_loader.hpp */ = {isa = PBXFileReference; lastKnownFileType = sourcecode.cpp.h; path = tiny_obj_loader.hpp; sourceTree = "<group>"; };
		30D10CB420F26F63001218AF /* Light.cpp */ = {isa = PBXFileReference; lastKnownFileType = sourcecode.cpp.cpp; path = Light.cpp; sourceTree = "<group>"; };
		30D10CB520F26F63001218AF /* Light.hpp */ = {isa = PBXFileReference; lastKnownFileType = sourcecode.cpp.h; path = Light.hpp; sourceTree = "<group>"; };
		30D50FF920F673090053BD71 /* GameObject.cpp */ = {isa = PBXFileReference; lastKnownFileType = sourcecode.cpp.cpp; path = GameObject.cpp; sourceTree = "<group>"; };
		30D50FFA20F673090053BD71 /* GameObject.hpp */ = {isa = PBXFileReference; lastKnownFileType = sourcecode.cpp.h; path = GameObject.hpp; sourceTree = "<group>"; };
		30D5100120F69A6F0053BD71 /* libScene.a */ = {isa = PBXFileReference; explicitFileType = archive.ar; includeInIndex = 0; path = libScene.a; sourceTree = BUILT_PRODUCTS_DIR; };
		30D5100C20F69A850053BD71 /* Level.cpp */ = {isa = PBXFileReference; lastKnownFileType = sourcecode.cpp.cpp; path = Level.cpp; sourceTree = "<group>"; };
		30D5100D20F69A850053BD71 /* Level.hpp */ = {isa = PBXFileReference; lastKnownFileType = sourcecode.cpp.h; path = Level.hpp; sourceTree = "<group>"; };
		30D5101F20F6A29B0053BD71 /* GraphicsUtils.cpp */ = {isa = PBXFileReference; lastKnownFileType = sourcecode.cpp.cpp; path = GraphicsUtils.cpp; sourceTree = "<group>"; };
		30D5102020F6A29B0053BD71 /* GraphicsUtils.hpp */ = {isa = PBXFileReference; lastKnownFileType = sourcecode.cpp.h; path = GraphicsUtils.hpp; sourceTree = "<group>"; };
		30E514C720DEFB5F004C2314 /* libFileIO.a */ = {isa = PBXFileReference; explicitFileType = archive.ar; includeInIndex = 0; path = libFileIO.a; sourceTree = BUILT_PRODUCTS_DIR; };
		30E514D920DEFBAA004C2314 /* Common.hpp */ = {isa = PBXFileReference; lastKnownFileType = sourcecode.cpp.h; path = Common.hpp; sourceTree = "<group>"; };
		30E514E120DEFBF5004C2314 /* OBJReader.cpp */ = {isa = PBXFileReference; lastKnownFileType = sourcecode.cpp.cpp; path = OBJReader.cpp; sourceTree = "<group>"; };
		30E514E220DEFBF5004C2314 /* OBJReader.hpp */ = {isa = PBXFileReference; lastKnownFileType = sourcecode.cpp.h; path = OBJReader.hpp; sourceTree = "<group>"; };
		30E7640A20CC437000934522 /* Camera.cpp */ = {isa = PBXFileReference; lastKnownFileType = sourcecode.cpp.cpp; path = Camera.cpp; sourceTree = "<group>"; };
		30E7640B20CC437000934522 /* Camera.hpp */ = {isa = PBXFileReference; lastKnownFileType = sourcecode.cpp.h; path = Camera.hpp; sourceTree = "<group>"; };
		30EB224C20BF60CA002D1B3E /* GraphicsNode.cpp */ = {isa = PBXFileReference; lastKnownFileType = sourcecode.cpp.cpp; path = GraphicsNode.cpp; sourceTree = "<group>"; };
		30EB224D20BF60CA002D1B3E /* GraphicsNode.hpp */ = {isa = PBXFileReference; lastKnownFileType = sourcecode.cpp.h; path = GraphicsNode.hpp; sourceTree = "<group>"; };
		30EB225020BF6AC3002D1B3E /* Shader.cpp */ = {isa = PBXFileReference; lastKnownFileType = sourcecode.cpp.cpp; path = Shader.cpp; sourceTree = "<group>"; };
		30EB225120BF6AC3002D1B3E /* Shader.hpp */ = {isa = PBXFileReference; lastKnownFileType = sourcecode.cpp.h; path = Shader.hpp; sourceTree = "<group>"; };
		30F1CFBD20D2D2A100664907 /* Logger.cpp */ = {isa = PBXFileReference; lastKnownFileType = sourcecode.cpp.cpp; path = Logger.cpp; sourceTree = "<group>"; };
		30F1CFBE20D2D2A100664907 /* Logger.hpp */ = {isa = PBXFileReference; lastKnownFileType = sourcecode.cpp.h; path = Logger.hpp; sourceTree = "<group>"; };
		30F1CFC620D2D9CD00664907 /* GameNode.cpp */ = {isa = PBXFileReference; lastKnownFileType = sourcecode.cpp.cpp; path = GameNode.cpp; sourceTree = "<group>"; };
		30F1CFC720D2D9CD00664907 /* GameNode.hpp */ = {isa = PBXFileReference; lastKnownFileType = sourcecode.cpp.h; path = GameNode.hpp; sourceTree = "<group>"; };
		30FC5C5A20DAB16000C1FE58 /* InterfaceHandler.cpp */ = {isa = PBXFileReference; lastKnownFileType = sourcecode.cpp.cpp; path = InterfaceHandler.cpp; sourceTree = "<group>"; };
		30FC5C5B20DAB16000C1FE58 /* InterfaceHandler.hpp */ = {isa = PBXFileReference; lastKnownFileType = sourcecode.cpp.h; path = InterfaceHandler.hpp; sourceTree = "<group>"; };
		30FEBD1520E00082008F3879 /* libSOIL2.a */ = {isa = PBXFileReference; explicitFileType = archive.ar; includeInIndex = 0; path = libSOIL2.a; sourceTree = BUILT_PRODUCTS_DIR; };
		30FEBD2020E000EA008F3879 /* stbi_ext_c.h */ = {isa = PBXFileReference; fileEncoding = 4; lastKnownFileType = sourcecode.c.h; path = stbi_ext_c.h; sourceTree = "<group>"; };
		30FEBD2120E000EA008F3879 /* stbi_pkm_c.h */ = {isa = PBXFileReference; fileEncoding = 4; lastKnownFileType = sourcecode.c.h; path = stbi_pkm_c.h; sourceTree = "<group>"; };
		30FEBD2220E000EA008F3879 /* stbi_pvr_c.h */ = {isa = PBXFileReference; fileEncoding = 4; lastKnownFileType = sourcecode.c.h; path = stbi_pvr_c.h; sourceTree = "<group>"; };
		30FEBD2320E000EB008F3879 /* stbi_pvr.h */ = {isa = PBXFileReference; fileEncoding = 4; lastKnownFileType = sourcecode.c.h; path = stbi_pvr.h; sourceTree = "<group>"; };
		30FEBD2420E000EB008F3879 /* stb_image.h */ = {isa = PBXFileReference; fileEncoding = 4; lastKnownFileType = sourcecode.c.h; path = stb_image.h; sourceTree = "<group>"; };
		30FEBD2520E000EB008F3879 /* SOIL2.c */ = {isa = PBXFileReference; fileEncoding = 4; lastKnownFileType = sourcecode.c.c; path = SOIL2.c; sourceTree = "<group>"; };
		30FEBD2620E000EB008F3879 /* stbi_DDS.h */ = {isa = PBXFileReference; fileEncoding = 4; lastKnownFileType = sourcecode.c.h; path = stbi_DDS.h; sourceTree = "<group>"; };
		30FEBD2720E000EB008F3879 /* image_DXT.h */ = {isa = PBXFileReference; fileEncoding = 4; lastKnownFileType = sourcecode.c.h; path = image_DXT.h; sourceTree = "<group>"; };
		30FEBD2820E000EB008F3879 /* image_helper.h */ = {isa = PBXFileReference; fileEncoding = 4; lastKnownFileType = sourcecode.c.h; path = image_helper.h; sourceTree = "<group>"; };
		30FEBD2920E000EB008F3879 /* stbi_DDS_c.h */ = {isa = PBXFileReference; fileEncoding = 4; lastKnownFileType = sourcecode.c.h; path = stbi_DDS_c.h; sourceTree = "<group>"; };
		30FEBD2A20E000EB008F3879 /* image_DXT.c */ = {isa = PBXFileReference; fileEncoding = 4; lastKnownFileType = sourcecode.c.c; path = image_DXT.c; sourceTree = "<group>"; };
		30FEBD2B20E000EB008F3879 /* etc1_utils.h */ = {isa = PBXFileReference; fileEncoding = 4; lastKnownFileType = sourcecode.c.h; path = etc1_utils.h; sourceTree = "<group>"; };
		30FEBD2C20E000EB008F3879 /* image_helper.c */ = {isa = PBXFileReference; fileEncoding = 4; lastKnownFileType = sourcecode.c.c; path = image_helper.c; sourceTree = "<group>"; };
		30FEBD2D20E000EB008F3879 /* pkm_helper.h */ = {isa = PBXFileReference; fileEncoding = 4; lastKnownFileType = sourcecode.c.h; path = pkm_helper.h; sourceTree = "<group>"; };
		30FEBD2E20E000EC008F3879 /* stbi_ext.h */ = {isa = PBXFileReference; fileEncoding = 4; lastKnownFileType = sourcecode.c.h; path = stbi_ext.h; sourceTree = "<group>"; };
		30FEBD2F20E000EC008F3879 /* etc1_utils.c */ = {isa = PBXFileReference; fileEncoding = 4; lastKnownFileType = sourcecode.c.c; path = etc1_utils.c; sourceTree = "<group>"; };
		30FEBD3020E000EC008F3879 /* jo_jpeg.h */ = {isa = PBXFileReference; fileEncoding = 4; lastKnownFileType = sourcecode.c.h; path = jo_jpeg.h; sourceTree = "<group>"; };
		30FEBD3120E000EC008F3879 /* SOIL2.h */ = {isa = PBXFileReference; fileEncoding = 4; lastKnownFileType = sourcecode.c.h; path = SOIL2.h; sourceTree = "<group>"; };
		30FEBD3220E000EC008F3879 /* pvr_helper.h */ = {isa = PBXFileReference; fileEncoding = 4; lastKnownFileType = sourcecode.c.h; path = pvr_helper.h; sourceTree = "<group>"; };
		30FEBD3320E000EC008F3879 /* stb_image_write.h */ = {isa = PBXFileReference; fileEncoding = 4; lastKnownFileType = sourcecode.c.h; path = stb_image_write.h; sourceTree = "<group>"; };
		30FEBD3420E000EC008F3879 /* stbi_pkm.h */ = {isa = PBXFileReference; fileEncoding = 4; lastKnownFileType = sourcecode.c.h; path = stbi_pkm.h; sourceTree = "<group>"; };
		30FF488B20EE6F4E00BE3EEA /* MasterRenderer.cpp */ = {isa = PBXFileReference; lastKnownFileType = sourcecode.cpp.cpp; path = MasterRenderer.cpp; sourceTree = "<group>"; };
		30FF488C20EE6F4E00BE3EEA /* MasterRenderer.hpp */ = {isa = PBXFileReference; lastKnownFileType = sourcecode.cpp.h; path = MasterRenderer.hpp; sourceTree = "<group>"; };
/* End PBXFileReference section */

/* Begin PBXFrameworksBuildPhase section */
		3007279020CFE3AA00A33AD7 /* Frameworks */ = {
			isa = PBXFrameworksBuildPhase;
			buildActionMask = 2147483647;
			files = (
			);
			runOnlyForDeploymentPostprocessing = 0;
		};
		304F93E920C493500017F7E3 /* Frameworks */ = {
			isa = PBXFrameworksBuildPhase;
			buildActionMask = 2147483647;
			files = (
				300D1FF720C4972B00CF5155 /* IOKit.framework in Frameworks */,
				300D1FF120C4967200CF5155 /* CoreFoundation.framework in Frameworks */,
			);
			runOnlyForDeploymentPostprocessing = 0;
		};
		3051905820C2FDDD001167E8 /* Frameworks */ = {
			isa = PBXFrameworksBuildPhase;
			buildActionMask = 2147483647;
			files = (
				30F1CFCB20D2DA0100664907 /* libEventSystem.a in Frameworks */,
				30F1CFCC20D2DA0100664907 /* libMaths.a in Frameworks */,
				30F1CFCA20D2D9F700664907 /* libUtilities.a in Frameworks */,
			);
			runOnlyForDeploymentPostprocessing = 0;
		};
		3051906720C2FE0B001167E8 /* Frameworks */ = {
			isa = PBXFrameworksBuildPhase;
			buildActionMask = 2147483647;
			files = (
			);
			runOnlyForDeploymentPostprocessing = 0;
		};
		306CD67920D574C500394FCF /* Frameworks */ = {
			isa = PBXFrameworksBuildPhase;
			buildActionMask = 2147483647;
			files = (
				306CD69120D5751000394FCF /* libEventSystem.a in Frameworks */,
				306CD69220D5751000394FCF /* libMaths.a in Frameworks */,
				306CD69320D5751000394FCF /* libUtilities.a in Frameworks */,
			);
			runOnlyForDeploymentPostprocessing = 0;
		};
		3089E70520BF043D00C46E54 /* Frameworks */ = {
			isa = PBXFrameworksBuildPhase;
			buildActionMask = 2147483647;
			files = (
				30E514DE20DEFBCB004C2314 /* libEventSystem.a in Frameworks */,
				30E514DF20DEFBCB004C2314 /* libFileIO.a in Frameworks */,
				30E514E020DEFBCB004C2314 /* libMaths.a in Frameworks */,
				306CD69420D5758A00394FCF /* libInterface.a in Frameworks */,
				30F1CFCF20D2DA6000664907 /* libGame.a in Frameworks */,
				300D1FF320C496D400CF5155 /* libUtilities.a in Frameworks */,
				3089E78120BF2D0400C46E54 /* libGraphics.a in Frameworks */,
				300D1FFA20C4973F00CF5155 /* IOKit.framework in Frameworks */,
				300D1FF620C496F800CF5155 /* CoreFoundation.framework in Frameworks */,
				3089E71820BF04BB00C46E54 /* libglfw.3.2.dylib in Frameworks */,
				3089E71620BF049C00C46E54 /* libGLEW.2.1.0.dylib in Frameworks */,
				3089E71420BF047900C46E54 /* OpenGL.framework in Frameworks */,
			);
			runOnlyForDeploymentPostprocessing = 0;
		};
		3089E76720BF2A8900C46E54 /* Frameworks */ = {
			isa = PBXFrameworksBuildPhase;
			buildActionMask = 2147483647;
			files = (
				30D5101220F69AF40053BD71 /* libScene.a in Frameworks */,
				30FEBD4C20E00102008F3879 /* libSOIL2.a in Frameworks */,
				30FEBD1020DFE7C7008F3879 /* libFileIO.a in Frameworks */,
				30F1CFC520D2D91C00664907 /* libEventSystem.a in Frameworks */,
				300D1FF220C4967F00CF5155 /* CoreFoundation.framework in Frameworks */,
				304F93FD20C493B90017F7E3 /* libUtilities.a in Frameworks */,
				3051908B20C3026B001167E8 /* libMaths.a in Frameworks */,
				3089E77B20BF2B5600C46E54 /* libGLEW.2.1.0.dylib in Frameworks */,
				3089E77A20BF2B4100C46E54 /* libglfw.3.2.dylib in Frameworks */,
				3089E77920BF2B3300C46E54 /* OpenGL.framework in Frameworks */,
			);
			runOnlyForDeploymentPostprocessing = 0;
		};
		30D50FFE20F69A6F0053BD71 /* Frameworks */ = {
			isa = PBXFrameworksBuildPhase;
			buildActionMask = 2147483647;
			files = (
				30D5101B20F69B260053BD71 /* libEventSystem.a in Frameworks */,
				30D5101C20F69B260053BD71 /* libGame.a in Frameworks */,
				30D5101D20F69B260053BD71 /* libMaths.a in Frameworks */,
				30D5101E20F69B260053BD71 /* libUtilities.a in Frameworks */,
			);
			runOnlyForDeploymentPostprocessing = 0;
		};
		30E514C420DEFB5F004C2314 /* Frameworks */ = {
			isa = PBXFrameworksBuildPhase;
			buildActionMask = 2147483647;
			files = (
				30E514D620DEFB83004C2314 /* libMaths.a in Frameworks */,
				30E514D720DEFB83004C2314 /* libUtilities.a in Frameworks */,
			);
			runOnlyForDeploymentPostprocessing = 0;
		};
		30FEBD1220E00082008F3879 /* Frameworks */ = {
			isa = PBXFrameworksBuildPhase;
			buildActionMask = 2147483647;
			files = (
			);
			runOnlyForDeploymentPostprocessing = 0;
		};
/* End PBXFrameworksBuildPhase section */

/* Begin PBXGroup section */
		3007279420CFE3AA00A33AD7 /* EventSystem */ = {
			isa = PBXGroup;
			children = (
				3007279E20CFE3C700A33AD7 /* EventBus.cpp */,
				3007279F20CFE3C700A33AD7 /* EventBus.hpp */,
				300727A220CFE3EF00A33AD7 /* Event.cpp */,
				300727A320CFE3EF00A33AD7 /* Event.hpp */,
				300727A820CFE80900A33AD7 /* EventNode.cpp */,
				300727A920CFE80900A33AD7 /* EventNode.hpp */,
			);
			path = EventSystem;
			sourceTree = "<group>";
		};
		304F93DC20C445290017F7E3 /* Headers */ = {
			isa = PBXGroup;
			children = (
				3051909120C3038F001167E8 /* MathUtils.hpp */,
				3051907620C2FE18001167E8 /* Vector2.hpp */,
				3051907A20C3009D001167E8 /* Vector3.hpp */,
				3051908D20C3032C001167E8 /* Vector4.hpp */,
				3051907E20C30173001167E8 /* Matrix3.hpp */,
				3051908220C30186001167E8 /* Matrix4.hpp */,
				3028A8C0210C9DDB00C9CF8D /* PerlinNoise.hpp */,
			);
			path = Headers;
			sourceTree = "<group>";
		};
		304F93DD20C445350017F7E3 /* Source */ = {
			isa = PBXGroup;
			children = (
				3028A8BF210C9DDB00C9CF8D /* PerlinNoise.cpp */,
				3051907D20C30173001167E8 /* Matrix3.cpp */,
				3051908120C30186001167E8 /* Matrix4.cpp */,
				3051909020C3038F001167E8 /* MathUtils.cpp */,
			);
			path = Source;
			sourceTree = "<group>";
		};
		304F93ED20C493500017F7E3 /* Utilities */ = {
			isa = PBXGroup;
			children = (
				304F93F720C4936F0017F7E3 /* IDGenerator.cpp */,
				304F93F820C4936F0017F7E3 /* IDGenerator.hpp */,
				30F1CFBD20D2D2A100664907 /* Logger.cpp */,
				30F1CFBE20D2D2A100664907 /* Logger.hpp */,
				306CD67420D45BE300394FCF /* Timer.cpp */,
				306CD67520D45BE300394FCF /* Timer.hpp */,
			);
			path = Utilities;
			sourceTree = "<group>";
		};
		3051905C20C2FDDD001167E8 /* Game */ = {
			isa = PBXGroup;
			children = (
				30F1CFC620D2D9CD00664907 /* GameNode.cpp */,
				30F1CFC720D2D9CD00664907 /* GameNode.hpp */,
				30D50FF920F673090053BD71 /* GameObject.cpp */,
				30D50FFA20F673090053BD71 /* GameObject.hpp */,
			);
			path = Game;
			sourceTree = "<group>";
		};
		3051906B20C2FE0B001167E8 /* Maths */ = {
			isa = PBXGroup;
			children = (
				304F93DD20C445350017F7E3 /* Source */,
				304F93DC20C445290017F7E3 /* Headers */,
			);
			path = Maths;
			sourceTree = "<group>";
		};
		3051909B20C435A4001167E8 /* Headers */ = {
			isa = PBXGroup;
			children = (
				3028A8BC210C94A700C9CF8D /* HeightMap.hpp */,
				30D5102020F6A29B0053BD71 /* GraphicsUtils.hpp */,
				30FF488C20EE6F4E00BE3EEA /* MasterRenderer.hpp */,
				30E7640B20CC437000934522 /* Camera.hpp */,
				304F93E520C458880017F7E3 /* RenderObject.hpp */,
				3089E75320BF0F1D00C46E54 /* Renderer.hpp */,
				30EB224D20BF60CA002D1B3E /* GraphicsNode.hpp */,
				30EB225120BF6AC3002D1B3E /* Shader.hpp */,
				3051905420C2FC4D001167E8 /* Mesh.hpp */,
				306CD69D20D5A19900394FCF /* HeightMap.cpp */,
				306CD69E20D5A19900394FCF /* HeightMap.hpp */,
				30D10CB420F26F63001218AF /* Light.cpp */,
				30D10CB520F26F63001218AF /* Light.hpp */,
			);
			name = Headers;
			sourceTree = "<group>";
		};
		305190A020C43810001167E8 /* Source */ = {
			isa = PBXGroup;
			children = (
				3028A8BB210C94A700C9CF8D /* HeightMap.cpp */,
				30D5101F20F6A29B0053BD71 /* GraphicsUtils.cpp */,
				30FF488B20EE6F4E00BE3EEA /* MasterRenderer.cpp */,
				3089E75220BF0F1D00C46E54 /* Renderer.cpp */,
				30EB224C20BF60CA002D1B3E /* GraphicsNode.cpp */,
				30EB225020BF6AC3002D1B3E /* Shader.cpp */,
				3051905320C2FC4D001167E8 /* Mesh.cpp */,
				304F93E420C458880017F7E3 /* RenderObject.cpp */,
				30E7640A20CC437000934522 /* Camera.cpp */,
			);
			name = Source;
			sourceTree = "<group>";
		};
		306CD67D20D574C500394FCF /* Interface */ = {
			isa = PBXGroup;
			children = (
				306CD69920D58F8E00394FCF /* KeyboardInterface.cpp */,
				306CD69A20D58F8E00394FCF /* KeyboardInterface.hpp */,
				300DF96F20D93D420018BBA5 /* MouseInterface.cpp */,
				300DF97020D93D420018BBA5 /* MouseInterface.hpp */,
				30FC5C5A20DAB16000C1FE58 /* InterfaceHandler.cpp */,
				30FC5C5B20DAB16000C1FE58 /* InterfaceHandler.hpp */,
			);
			path = Interface;
			sourceTree = "<group>";
		};
		3089E6FF20BF043D00C46E54 = {
			isa = PBXGroup;
			children = (
				3051909A20C42EBA001167E8 /* Assets */,
				3089E70A20BF043D00C46E54 /* Initialization */,
				3089E76B20BF2A8A00C46E54 /* Graphics */,
				3051905C20C2FDDD001167E8 /* Game */,
				3051906B20C2FE0B001167E8 /* Maths */,
				304F93ED20C493500017F7E3 /* Utilities */,
				3007279420CFE3AA00A33AD7 /* EventSystem */,
				306CD67D20D574C500394FCF /* Interface */,
				30E514C820DEFB5F004C2314 /* FileIO */,
				30FEBD1620E00082008F3879 /* SOIL2 */,
				30D5100220F69A6F0053BD71 /* Scene */,
				3089E70920BF043D00C46E54 /* Products */,
				3089E71220BF047800C46E54 /* Frameworks */,
			);
			sourceTree = "<group>";
		};
		3089E70920BF043D00C46E54 /* Products */ = {
			isa = PBXGroup;
			children = (
				3089E70820BF043D00C46E54 /* Initialization */,
				3089E76A20BF2A8900C46E54 /* libGraphics.a */,
				3051905B20C2FDDD001167E8 /* libGame.a */,
				3051906A20C2FE0B001167E8 /* libMaths.a */,
				304F93EC20C493500017F7E3 /* libUtilities.a */,
				3007279320CFE3AA00A33AD7 /* libEventSystem.a */,
				306CD67C20D574C500394FCF /* libInterface.a */,
				30E514C720DEFB5F004C2314 /* libFileIO.a */,
				30FEBD1520E00082008F3879 /* libSOIL2.a */,
				30D5100120F69A6F0053BD71 /* libScene.a */,
			);
			name = Products;
			sourceTree = "<group>";
		};
		3089E70A20BF043D00C46E54 /* Initialization */ = {
			isa = PBXGroup;
			children = (
				3089E70B20BF043D00C46E54 /* main.cpp */,
			);
			path = Initialization;
			sourceTree = "<group>";
		};
		3089E71220BF047800C46E54 /* Frameworks */ = {
			isa = PBXGroup;
			children = (
				300D1FF820C4973800CF5155 /* libswiftIOKit.tbd */,
				300D1FF020C4967100CF5155 /* CoreFoundation.framework */,
				300D1FED20C4961300CF5155 /* IOKit.framework */,
				3089E71720BF04BB00C46E54 /* libglfw.3.2.dylib */,
				3089E71520BF049C00C46E54 /* libGLEW.2.1.0.dylib */,
				3089E71320BF047900C46E54 /* OpenGL.framework */,
			);
			name = Frameworks;
			sourceTree = "<group>";
		};
		3089E76B20BF2A8A00C46E54 /* Graphics */ = {
			isa = PBXGroup;
			children = (
				305190A020C43810001167E8 /* Source */,
				3051909B20C435A4001167E8 /* Headers */,
			);
			path = Graphics;
			sourceTree = "<group>";
		};
		30D5100220F69A6F0053BD71 /* Scene */ = {
			isa = PBXGroup;
			children = (
				30D5100C20F69A850053BD71 /* Level.cpp */,
				30D5100D20F69A850053BD71 /* Level.hpp */,
			);
			path = Scene;
			sourceTree = "<group>";
		};
		30E514C820DEFB5F004C2314 /* FileIO */ = {
			isa = PBXGroup;
			children = (
				30E514D920DEFBAA004C2314 /* Common.hpp */,
				30E514E120DEFBF5004C2314 /* OBJReader.cpp */,
				30E514E220DEFBF5004C2314 /* OBJReader.hpp */,
				30AD405920E42380007E291A /* tiny_obj_loader.cpp */,
				30AD405A20E42380007E291A /* tiny_obj_loader.hpp */,
				30ABF54720E7B2CE0073747A /* TinyObjConverter.cpp */,
				30ABF54820E7B2CE0073747A /* TinyObjConverter.hpp */,
			);
			path = FileIO;
			sourceTree = "<group>";
		};
		30FEBD1620E00082008F3879 /* SOIL2 */ = {
			isa = PBXGroup;
			children = (
				30FEBD2F20E000EC008F3879 /* etc1_utils.c */,
				30FEBD2B20E000EB008F3879 /* etc1_utils.h */,
				30FEBD2A20E000EB008F3879 /* image_DXT.c */,
				30FEBD2720E000EB008F3879 /* image_DXT.h */,
				30FEBD2C20E000EB008F3879 /* image_helper.c */,
				30FEBD2820E000EB008F3879 /* image_helper.h */,
				30FEBD3020E000EC008F3879 /* jo_jpeg.h */,
				30FEBD2D20E000EB008F3879 /* pkm_helper.h */,
				30FEBD3220E000EC008F3879 /* pvr_helper.h */,
				30FEBD2520E000EB008F3879 /* SOIL2.c */,
				30FEBD3120E000EC008F3879 /* SOIL2.h */,
				30FEBD3320E000EC008F3879 /* stb_image_write.h */,
				30FEBD2420E000EB008F3879 /* stb_image.h */,
				30FEBD2920E000EB008F3879 /* stbi_DDS_c.h */,
				30FEBD2620E000EB008F3879 /* stbi_DDS.h */,
				30FEBD2020E000EA008F3879 /* stbi_ext_c.h */,
				30FEBD2E20E000EC008F3879 /* stbi_ext.h */,
				30FEBD2120E000EA008F3879 /* stbi_pkm_c.h */,
				30FEBD3420E000EC008F3879 /* stbi_pkm.h */,
				30FEBD2220E000EA008F3879 /* stbi_pvr_c.h */,
				30FEBD2320E000EB008F3879 /* stbi_pvr.h */,
			);
			path = SOIL2;
			sourceTree = "<group>";
		};
/* End PBXGroup section */

/* Begin PBXHeadersBuildPhase section */
		3007279120CFE3AA00A33AD7 /* Headers */ = {
			isa = PBXHeadersBuildPhase;
			buildActionMask = 2147483647;
			files = (
				300727A120CFE3C700A33AD7 /* EventBus.hpp in Headers */,
				300727AB20CFE80900A33AD7 /* EventNode.hpp in Headers */,
				300727A520CFE3EF00A33AD7 /* Event.hpp in Headers */,
			);
			runOnlyForDeploymentPostprocessing = 0;
		};
		304F93EA20C493500017F7E3 /* Headers */ = {
			isa = PBXHeadersBuildPhase;
			buildActionMask = 2147483647;
			files = (
				306CD67720D45BE300394FCF /* Timer.hpp in Headers */,
				304F93FA20C4936F0017F7E3 /* IDGenerator.hpp in Headers */,
				30F1CFC020D2D2A100664907 /* Logger.hpp in Headers */,
			);
			runOnlyForDeploymentPostprocessing = 0;
		};
		3051905920C2FDDD001167E8 /* Headers */ = {
			isa = PBXHeadersBuildPhase;
			buildActionMask = 2147483647;
			files = (
				30F1CFC920D2D9CD00664907 /* GameNode.hpp in Headers */,
				30D50FFC20F673090053BD71 /* GameObject.hpp in Headers */,
			);
			runOnlyForDeploymentPostprocessing = 0;
		};
		3051906820C2FE0B001167E8 /* Headers */ = {
			isa = PBXHeadersBuildPhase;
			buildActionMask = 2147483647;
			files = (
				3051908F20C3032C001167E8 /* Vector4.hpp in Headers */,
				3028A8C2210C9DDB00C9CF8D /* PerlinNoise.hpp in Headers */,
				3051908020C30173001167E8 /* Matrix3.hpp in Headers */,
				3051907820C2FE18001167E8 /* Vector2.hpp in Headers */,
				3051908420C30186001167E8 /* Matrix4.hpp in Headers */,
				3051909320C3038F001167E8 /* MathUtils.hpp in Headers */,
				3051907C20C3009D001167E8 /* Vector3.hpp in Headers */,
			);
			runOnlyForDeploymentPostprocessing = 0;
		};
		306CD67A20D574C500394FCF /* Headers */ = {
			isa = PBXHeadersBuildPhase;
			buildActionMask = 2147483647;
			files = (
				306CD69C20D58F8E00394FCF /* KeyboardInterface.hpp in Headers */,
				30FC5C5D20DAB16000C1FE58 /* InterfaceHandler.hpp in Headers */,
				300DF97220D93D420018BBA5 /* MouseInterface.hpp in Headers */,
			);
			runOnlyForDeploymentPostprocessing = 0;
		};
		3089E76820BF2A8900C46E54 /* Headers */ = {
			isa = PBXHeadersBuildPhase;
			buildActionMask = 2147483647;
			files = (
				30EB224F20BF60CA002D1B3E /* GraphicsNode.hpp in Headers */,
				30FF488E20EE6F4E00BE3EEA /* MasterRenderer.hpp in Headers */,
				304F93E720C458880017F7E3 /* RenderObject.hpp in Headers */,
				306CD6A020D5A19900394FCF /* HeightMap.hpp in Headers */,
				3028A8BE210C94A700C9CF8D /* HeightMap.hpp in Headers */,
				30E7640D20CC437000934522 /* Camera.hpp in Headers */,
				3051905620C2FC4D001167E8 /* Mesh.hpp in Headers */,
				30EB225320BF6AC3002D1B3E /* Shader.hpp in Headers */,
				30D5102220F6A29B0053BD71 /* GraphicsUtils.hpp in Headers */,
				30D10CB720F26F63001218AF /* Light.hpp in Headers */,
			);
			runOnlyForDeploymentPostprocessing = 0;
		};
		30D50FFF20F69A6F0053BD71 /* Headers */ = {
			isa = PBXHeadersBuildPhase;
			buildActionMask = 2147483647;
			files = (
				30D5100F20F69A850053BD71 /* Level.hpp in Headers */,
			);
			runOnlyForDeploymentPostprocessing = 0;
		};
		30E514C520DEFB5F004C2314 /* Headers */ = {
			isa = PBXHeadersBuildPhase;
			buildActionMask = 2147483647;
			files = (
				30E514DB20DEFBAA004C2314 /* Common.hpp in Headers */,
				30ABF54A20E7B2CE0073747A /* TinyObjConverter.hpp in Headers */,
				30AD405C20E42380007E291A /* tiny_obj_loader.hpp in Headers */,
				30E514E420DEFBF5004C2314 /* OBJReader.hpp in Headers */,
			);
			runOnlyForDeploymentPostprocessing = 0;
		};
		30FEBD1320E00082008F3879 /* Headers */ = {
			isa = PBXHeadersBuildPhase;
			buildActionMask = 2147483647;
			files = (
				30FEBD4620E000EC008F3879 /* SOIL2.h in Headers */,
				30FEBD3720E000EC008F3879 /* stbi_pvr_c.h in Headers */,
				30FEBD4520E000EC008F3879 /* jo_jpeg.h in Headers */,
				30FEBD3C20E000EC008F3879 /* image_DXT.h in Headers */,
				30FEBD4320E000EC008F3879 /* stbi_ext.h in Headers */,
				30FEBD3920E000EC008F3879 /* stb_image.h in Headers */,
				30FEBD3E20E000EC008F3879 /* stbi_DDS_c.h in Headers */,
				30FEBD4720E000EC008F3879 /* pvr_helper.h in Headers */,
				30FEBD3820E000EC008F3879 /* stbi_pvr.h in Headers */,
				30FEBD4220E000EC008F3879 /* pkm_helper.h in Headers */,
				30FEBD4020E000EC008F3879 /* etc1_utils.h in Headers */,
				30FEBD4920E000EC008F3879 /* stbi_pkm.h in Headers */,
				30FEBD3520E000EC008F3879 /* stbi_ext_c.h in Headers */,
				30FEBD4820E000EC008F3879 /* stb_image_write.h in Headers */,
				30FEBD3B20E000EC008F3879 /* stbi_DDS.h in Headers */,
				30FEBD3D20E000EC008F3879 /* image_helper.h in Headers */,
				30FEBD3620E000EC008F3879 /* stbi_pkm_c.h in Headers */,
			);
			runOnlyForDeploymentPostprocessing = 0;
		};
/* End PBXHeadersBuildPhase section */

/* Begin PBXNativeTarget section */
		3007279220CFE3AA00A33AD7 /* EventSystem */ = {
			isa = PBXNativeTarget;
			buildConfigurationList = 3007279D20CFE3AA00A33AD7 /* Build configuration list for PBXNativeTarget "EventSystem" */;
			buildPhases = (
				3007278F20CFE3AA00A33AD7 /* Sources */,
				3007279020CFE3AA00A33AD7 /* Frameworks */,
				3007279120CFE3AA00A33AD7 /* Headers */,
			);
			buildRules = (
			);
			dependencies = (
			);
			name = EventSystem;
			productName = EventSystem;
			productReference = 3007279320CFE3AA00A33AD7 /* libEventSystem.a */;
			productType = "com.apple.product-type.library.static";
		};
		304F93EB20C493500017F7E3 /* Utilities */ = {
			isa = PBXNativeTarget;
			buildConfigurationList = 304F93F420C493500017F7E3 /* Build configuration list for PBXNativeTarget "Utilities" */;
			buildPhases = (
				304F93E820C493500017F7E3 /* Sources */,
				304F93E920C493500017F7E3 /* Frameworks */,
				304F93EA20C493500017F7E3 /* Headers */,
			);
			buildRules = (
			);
			dependencies = (
			);
			name = Utilities;
			productName = Utilities;
			productReference = 304F93EC20C493500017F7E3 /* libUtilities.a */;
			productType = "com.apple.product-type.library.static";
		};
		3051905A20C2FDDD001167E8 /* Game */ = {
			isa = PBXNativeTarget;
			buildConfigurationList = 3051906320C2FDDD001167E8 /* Build configuration list for PBXNativeTarget "Game" */;
			buildPhases = (
				3051905720C2FDDD001167E8 /* Sources */,
				3051905820C2FDDD001167E8 /* Frameworks */,
				3051905920C2FDDD001167E8 /* Headers */,
			);
			buildRules = (
			);
			dependencies = (
				30F1CFC420D2D5EB00664907 /* PBXTargetDependency */,
			);
			name = Game;
			productName = Game;
			productReference = 3051905B20C2FDDD001167E8 /* libGame.a */;
			productType = "com.apple.product-type.library.static";
		};
		3051906920C2FE0B001167E8 /* Maths */ = {
			isa = PBXNativeTarget;
			buildConfigurationList = 3051907220C2FE0B001167E8 /* Build configuration list for PBXNativeTarget "Maths" */;
			buildPhases = (
				3051906620C2FE0B001167E8 /* Sources */,
				3051906720C2FE0B001167E8 /* Frameworks */,
				3051906820C2FE0B001167E8 /* Headers */,
			);
			buildRules = (
			);
			dependencies = (
			);
			name = Maths;
			productName = Maths;
			productReference = 3051906A20C2FE0B001167E8 /* libMaths.a */;
			productType = "com.apple.product-type.library.static";
		};
		306CD67B20D574C500394FCF /* Interface */ = {
			isa = PBXNativeTarget;
			buildConfigurationList = 306CD68420D574C500394FCF /* Build configuration list for PBXNativeTarget "Interface" */;
			buildPhases = (
				306CD67820D574C500394FCF /* Sources */,
				306CD67920D574C500394FCF /* Frameworks */,
				306CD67A20D574C500394FCF /* Headers */,
			);
			buildRules = (
			);
			dependencies = (
				306CD68C20D5750500394FCF /* PBXTargetDependency */,
				306CD68E20D5750500394FCF /* PBXTargetDependency */,
				306CD69020D5750500394FCF /* PBXTargetDependency */,
			);
			name = Interface;
			productName = Interface;
			productReference = 306CD67C20D574C500394FCF /* libInterface.a */;
			productType = "com.apple.product-type.library.static";
		};
		3089E70720BF043D00C46E54 /* Initialization */ = {
			isa = PBXNativeTarget;
			buildConfigurationList = 3089E70F20BF043D00C46E54 /* Build configuration list for PBXNativeTarget "Initialization" */;
			buildPhases = (
				3089E70420BF043D00C46E54 /* Sources */,
				3089E70520BF043D00C46E54 /* Frameworks */,
				3089E70620BF043D00C46E54 /* CopyFiles */,
			);
			buildRules = (
			);
			dependencies = (
				30E514DD20DEFBC3004C2314 /* PBXTargetDependency */,
				306CD69620D5759200394FCF /* PBXTargetDependency */,
				306CD69820D5759200394FCF /* PBXTargetDependency */,
				30F1CFCE20D2DA5A00664907 /* PBXTargetDependency */,
				300727A720CFE45F00A33AD7 /* PBXTargetDependency */,
				3089E77620BF2AE300C46E54 /* PBXTargetDependency */,
				300D1FF520C496DB00CF5155 /* PBXTargetDependency */,
			);
			name = Initialization;
			productName = GraphicsTest2;
			productReference = 3089E70820BF043D00C46E54 /* Initialization */;
			productType = "com.apple.product-type.tool";
		};
		3089E76920BF2A8900C46E54 /* Graphics */ = {
			isa = PBXNativeTarget;
			buildConfigurationList = 3089E77220BF2A8A00C46E54 /* Build configuration list for PBXNativeTarget "Graphics" */;
			buildPhases = (
				3089E76620BF2A8900C46E54 /* Sources */,
				3089E76720BF2A8900C46E54 /* Frameworks */,
				3089E76820BF2A8900C46E54 /* Headers */,
			);
			buildRules = (
			);
			dependencies = (
				30D5101120F69AEB0053BD71 /* PBXTargetDependency */,
				30FEBD4B20E000FC008F3879 /* PBXTargetDependency */,
				30FEBD0F20DFE7BE008F3879 /* PBXTargetDependency */,
				30F1CFC220D2D5E100664907 /* PBXTargetDependency */,
				304F93FC20C493AF0017F7E3 /* PBXTargetDependency */,
				3051908A20C3025E001167E8 /* PBXTargetDependency */,
			);
			name = Graphics;
			productName = GraphicsLib;
			productReference = 3089E76A20BF2A8900C46E54 /* libGraphics.a */;
			productType = "com.apple.product-type.library.static";
		};
		30D5100020F69A6F0053BD71 /* Scene */ = {
			isa = PBXNativeTarget;
			buildConfigurationList = 30D5100B20F69A6F0053BD71 /* Build configuration list for PBXNativeTarget "Scene" */;
			buildPhases = (
				30D50FFD20F69A6F0053BD71 /* Sources */,
				30D50FFE20F69A6F0053BD71 /* Frameworks */,
				30D50FFF20F69A6F0053BD71 /* Headers */,
			);
			buildRules = (
			);
			dependencies = (
				30D5101620F69B110053BD71 /* PBXTargetDependency */,
				30D5101820F69B110053BD71 /* PBXTargetDependency */,
				30D5101A20F69B110053BD71 /* PBXTargetDependency */,
				30D5101420F69B030053BD71 /* PBXTargetDependency */,
			);
			name = Scene;
			productName = Scene;
			productReference = 30D5100120F69A6F0053BD71 /* libScene.a */;
			productType = "com.apple.product-type.library.static";
		};
		30E514C620DEFB5F004C2314 /* FileIO */ = {
			isa = PBXNativeTarget;
			buildConfigurationList = 30E514CF20DEFB5F004C2314 /* Build configuration list for PBXNativeTarget "FileIO" */;
			buildPhases = (
				30E514C320DEFB5F004C2314 /* Sources */,
				30E514C420DEFB5F004C2314 /* Frameworks */,
				30E514C520DEFB5F004C2314 /* Headers */,
			);
			buildRules = (
			);
			dependencies = (
				30E514D320DEFB7A004C2314 /* PBXTargetDependency */,
				30E514D520DEFB7A004C2314 /* PBXTargetDependency */,
			);
			name = FileIO;
			productName = FileIO;
			productReference = 30E514C720DEFB5F004C2314 /* libFileIO.a */;
			productType = "com.apple.product-type.library.static";
		};
		30FEBD1420E00082008F3879 /* SOIL2 */ = {
			isa = PBXNativeTarget;
			buildConfigurationList = 30FEBD1F20E00082008F3879 /* Build configuration list for PBXNativeTarget "SOIL2" */;
			buildPhases = (
				30FEBD1120E00082008F3879 /* Sources */,
				30FEBD1220E00082008F3879 /* Frameworks */,
				30FEBD1320E00082008F3879 /* Headers */,
			);
			buildRules = (
			);
			dependencies = (
			);
			name = SOIL2;
			productName = SOIL2;
			productReference = 30FEBD1520E00082008F3879 /* libSOIL2.a */;
			productType = "com.apple.product-type.library.static";
		};
/* End PBXNativeTarget section */

/* Begin PBXProject section */
		3089E70020BF043D00C46E54 /* Project object */ = {
			isa = PBXProject;
			attributes = {
				KnownAssetTags = (
					New,
				);
				LastUpgradeCheck = 0940;
				ORGANIZATIONNAME = Hemmy;
				TargetAttributes = {
					3007279220CFE3AA00A33AD7 = {
						CreatedOnToolsVersion = 9.4;
					};
					304F93EB20C493500017F7E3 = {
						CreatedOnToolsVersion = 9.4;
					};
					3051905A20C2FDDD001167E8 = {
						CreatedOnToolsVersion = 9.4;
					};
					3051906920C2FE0B001167E8 = {
						CreatedOnToolsVersion = 9.4;
					};
					306CD67B20D574C500394FCF = {
						CreatedOnToolsVersion = 9.4.1;
					};
					3089E70720BF043D00C46E54 = {
						CreatedOnToolsVersion = 9.4;
					};
					3089E76920BF2A8900C46E54 = {
						CreatedOnToolsVersion = 9.4;
						LastSwiftMigration = 0940;
					};
					30D5100020F69A6F0053BD71 = {
						CreatedOnToolsVersion = 9.4.1;
					};
					30E514C620DEFB5F004C2314 = {
						CreatedOnToolsVersion = 9.4.1;
					};
					30FEBD1420E00082008F3879 = {
						CreatedOnToolsVersion = 9.4.1;
					};
				};
			};
			buildConfigurationList = 3089E70320BF043D00C46E54 /* Build configuration list for PBXProject "GameEngine" */;
			compatibilityVersion = "Xcode 9.3";
			developmentRegion = en;
			hasScannedForEncodings = 0;
			knownRegions = (
				en,
			);
			mainGroup = 3089E6FF20BF043D00C46E54;
			productRefGroup = 3089E70920BF043D00C46E54 /* Products */;
			projectDirPath = "";
			projectRoot = "";
			targets = (
				3089E70720BF043D00C46E54 /* Initialization */,
				3089E76920BF2A8900C46E54 /* Graphics */,
				3051905A20C2FDDD001167E8 /* Game */,
				3051906920C2FE0B001167E8 /* Maths */,
				304F93EB20C493500017F7E3 /* Utilities */,
				3007279220CFE3AA00A33AD7 /* EventSystem */,
				306CD67B20D574C500394FCF /* Interface */,
				30E514C620DEFB5F004C2314 /* FileIO */,
				30FEBD1420E00082008F3879 /* SOIL2 */,
				30D5100020F69A6F0053BD71 /* Scene */,
			);
		};
/* End PBXProject section */

/* Begin PBXSourcesBuildPhase section */
		3007278F20CFE3AA00A33AD7 /* Sources */ = {
			isa = PBXSourcesBuildPhase;
			buildActionMask = 2147483647;
			files = (
				300727A420CFE3EF00A33AD7 /* Event.cpp in Sources */,
				300727AA20CFE80900A33AD7 /* EventNode.cpp in Sources */,
				300727A020CFE3C700A33AD7 /* EventBus.cpp in Sources */,
			);
			runOnlyForDeploymentPostprocessing = 0;
		};
		304F93E820C493500017F7E3 /* Sources */ = {
			isa = PBXSourcesBuildPhase;
			buildActionMask = 2147483647;
			files = (
				306CD67620D45BE300394FCF /* Timer.cpp in Sources */,
				304F93F920C4936F0017F7E3 /* IDGenerator.cpp in Sources */,
				30F1CFBF20D2D2A100664907 /* Logger.cpp in Sources */,
			);
			runOnlyForDeploymentPostprocessing = 0;
		};
		3051905720C2FDDD001167E8 /* Sources */ = {
			isa = PBXSourcesBuildPhase;
			buildActionMask = 2147483647;
			files = (
				30D50FFB20F673090053BD71 /* GameObject.cpp in Sources */,
				30F1CFC820D2D9CD00664907 /* GameNode.cpp in Sources */,
			);
			runOnlyForDeploymentPostprocessing = 0;
		};
		3051906620C2FE0B001167E8 /* Sources */ = {
			isa = PBXSourcesBuildPhase;
			buildActionMask = 2147483647;
			files = (
				3028A8C1210C9DDB00C9CF8D /* PerlinNoise.cpp in Sources */,
				3051909220C3038F001167E8 /* MathUtils.cpp in Sources */,
				3051907F20C30173001167E8 /* Matrix3.cpp in Sources */,
				3051908320C30186001167E8 /* Matrix4.cpp in Sources */,
			);
			runOnlyForDeploymentPostprocessing = 0;
		};
		306CD67820D574C500394FCF /* Sources */ = {
			isa = PBXSourcesBuildPhase;
			buildActionMask = 2147483647;
			files = (
				30FC5C5C20DAB16000C1FE58 /* InterfaceHandler.cpp in Sources */,
				306CD69B20D58F8E00394FCF /* KeyboardInterface.cpp in Sources */,
				300DF97120D93D420018BBA5 /* MouseInterface.cpp in Sources */,
			);
			runOnlyForDeploymentPostprocessing = 0;
		};
		3089E70420BF043D00C46E54 /* Sources */ = {
			isa = PBXSourcesBuildPhase;
			buildActionMask = 2147483647;
			files = (
				3089E70C20BF043D00C46E54 /* main.cpp in Sources */,
			);
			runOnlyForDeploymentPostprocessing = 0;
		};
		3089E76620BF2A8900C46E54 /* Sources */ = {
			isa = PBXSourcesBuildPhase;
			buildActionMask = 2147483647;
			files = (
				30D5102120F6A29B0053BD71 /* GraphicsUtils.cpp in Sources */,
				30D10CB620F26F63001218AF /* Light.cpp in Sources */,
				3089E77720BF2B2400C46E54 /* Renderer.cpp in Sources */,
				306CD69F20D5A19900394FCF /* HeightMap.cpp in Sources */,
				304F93E620C458880017F7E3 /* RenderObject.cpp in Sources */,
				30EB224E20BF60CA002D1B3E /* GraphicsNode.cpp in Sources */,
				30EB225220BF6AC3002D1B3E /* Shader.cpp in Sources */,
				30E7640C20CC437000934522 /* Camera.cpp in Sources */,
				30FF488D20EE6F4E00BE3EEA /* MasterRenderer.cpp in Sources */,
				3028A8BD210C94A700C9CF8D /* HeightMap.cpp in Sources */,
				3051905520C2FC4D001167E8 /* Mesh.cpp in Sources */,
			);
			runOnlyForDeploymentPostprocessing = 0;
		};
		30D50FFD20F69A6F0053BD71 /* Sources */ = {
			isa = PBXSourcesBuildPhase;
			buildActionMask = 2147483647;
			files = (
				30D5100E20F69A850053BD71 /* Level.cpp in Sources */,
			);
			runOnlyForDeploymentPostprocessing = 0;
		};
		30E514C320DEFB5F004C2314 /* Sources */ = {
			isa = PBXSourcesBuildPhase;
			buildActionMask = 2147483647;
			files = (
				30AD405B20E42380007E291A /* tiny_obj_loader.cpp in Sources */,
				30ABF54920E7B2CE0073747A /* TinyObjConverter.cpp in Sources */,
				30E514E320DEFBF5004C2314 /* OBJReader.cpp in Sources */,
			);
			runOnlyForDeploymentPostprocessing = 0;
		};
		30FEBD1120E00082008F3879 /* Sources */ = {
			isa = PBXSourcesBuildPhase;
			buildActionMask = 2147483647;
			files = (
				30FEBD4120E000EC008F3879 /* image_helper.c in Sources */,
				30FEBD3F20E000EC008F3879 /* image_DXT.c in Sources */,
				30FEBD4420E000EC008F3879 /* etc1_utils.c in Sources */,
				30FEBD3A20E000EC008F3879 /* SOIL2.c in Sources */,
			);
			runOnlyForDeploymentPostprocessing = 0;
		};
/* End PBXSourcesBuildPhase section */

/* Begin PBXTargetDependency section */
		300727A720CFE45F00A33AD7 /* PBXTargetDependency */ = {
			isa = PBXTargetDependency;
			target = 3007279220CFE3AA00A33AD7 /* EventSystem */;
			targetProxy = 300727A620CFE45F00A33AD7 /* PBXContainerItemProxy */;
		};
		300D1FF520C496DB00CF5155 /* PBXTargetDependency */ = {
			isa = PBXTargetDependency;
			target = 304F93EB20C493500017F7E3 /* Utilities */;
			targetProxy = 300D1FF420C496DB00CF5155 /* PBXContainerItemProxy */;
		};
		304F93FC20C493AF0017F7E3 /* PBXTargetDependency */ = {
			isa = PBXTargetDependency;
			target = 304F93EB20C493500017F7E3 /* Utilities */;
			targetProxy = 304F93FB20C493AF0017F7E3 /* PBXContainerItemProxy */;
		};
		3051908A20C3025E001167E8 /* PBXTargetDependency */ = {
			isa = PBXTargetDependency;
			target = 3051906920C2FE0B001167E8 /* Maths */;
			targetProxy = 3051908920C3025E001167E8 /* PBXContainerItemProxy */;
		};
		306CD68C20D5750500394FCF /* PBXTargetDependency */ = {
			isa = PBXTargetDependency;
			target = 3051906920C2FE0B001167E8 /* Maths */;
			targetProxy = 306CD68B20D5750500394FCF /* PBXContainerItemProxy */;
		};
		306CD68E20D5750500394FCF /* PBXTargetDependency */ = {
			isa = PBXTargetDependency;
			target = 304F93EB20C493500017F7E3 /* Utilities */;
			targetProxy = 306CD68D20D5750500394FCF /* PBXContainerItemProxy */;
		};
		306CD69020D5750500394FCF /* PBXTargetDependency */ = {
			isa = PBXTargetDependency;
			target = 3007279220CFE3AA00A33AD7 /* EventSystem */;
			targetProxy = 306CD68F20D5750500394FCF /* PBXContainerItemProxy */;
		};
		306CD69620D5759200394FCF /* PBXTargetDependency */ = {
			isa = PBXTargetDependency;
			target = 3051906920C2FE0B001167E8 /* Maths */;
			targetProxy = 306CD69520D5759200394FCF /* PBXContainerItemProxy */;
		};
		306CD69820D5759200394FCF /* PBXTargetDependency */ = {
			isa = PBXTargetDependency;
			target = 306CD67B20D574C500394FCF /* Interface */;
			targetProxy = 306CD69720D5759200394FCF /* PBXContainerItemProxy */;
		};
		3089E77620BF2AE300C46E54 /* PBXTargetDependency */ = {
			isa = PBXTargetDependency;
			target = 3089E76920BF2A8900C46E54 /* Graphics */;
			targetProxy = 3089E77520BF2AE300C46E54 /* PBXContainerItemProxy */;
		};
		30D5101120F69AEB0053BD71 /* PBXTargetDependency */ = {
			isa = PBXTargetDependency;
			target = 30D5100020F69A6F0053BD71 /* Scene */;
			targetProxy = 30D5101020F69AEB0053BD71 /* PBXContainerItemProxy */;
		};
		30D5101420F69B030053BD71 /* PBXTargetDependency */ = {
			isa = PBXTargetDependency;
			target = 3051906920C2FE0B001167E8 /* Maths */;
			targetProxy = 30D5101320F69B030053BD71 /* PBXContainerItemProxy */;
		};
		30D5101620F69B110053BD71 /* PBXTargetDependency */ = {
			isa = PBXTargetDependency;
			target = 3051905A20C2FDDD001167E8 /* Game */;
			targetProxy = 30D5101520F69B110053BD71 /* PBXContainerItemProxy */;
		};
		30D5101820F69B110053BD71 /* PBXTargetDependency */ = {
			isa = PBXTargetDependency;
			target = 304F93EB20C493500017F7E3 /* Utilities */;
			targetProxy = 30D5101720F69B110053BD71 /* PBXContainerItemProxy */;
		};
		30D5101A20F69B110053BD71 /* PBXTargetDependency */ = {
			isa = PBXTargetDependency;
			target = 3007279220CFE3AA00A33AD7 /* EventSystem */;
			targetProxy = 30D5101920F69B110053BD71 /* PBXContainerItemProxy */;
		};
		30E514D320DEFB7A004C2314 /* PBXTargetDependency */ = {
			isa = PBXTargetDependency;
			target = 3051906920C2FE0B001167E8 /* Maths */;
			targetProxy = 30E514D220DEFB7A004C2314 /* PBXContainerItemProxy */;
		};
		30E514D520DEFB7A004C2314 /* PBXTargetDependency */ = {
			isa = PBXTargetDependency;
			target = 304F93EB20C493500017F7E3 /* Utilities */;
			targetProxy = 30E514D420DEFB7A004C2314 /* PBXContainerItemProxy */;
		};
		30E514DD20DEFBC3004C2314 /* PBXTargetDependency */ = {
			isa = PBXTargetDependency;
			target = 30E514C620DEFB5F004C2314 /* FileIO */;
			targetProxy = 30E514DC20DEFBC3004C2314 /* PBXContainerItemProxy */;
		};
		30F1CFC220D2D5E100664907 /* PBXTargetDependency */ = {
			isa = PBXTargetDependency;
			target = 3007279220CFE3AA00A33AD7 /* EventSystem */;
			targetProxy = 30F1CFC120D2D5E100664907 /* PBXContainerItemProxy */;
		};
		30F1CFC420D2D5EB00664907 /* PBXTargetDependency */ = {
			isa = PBXTargetDependency;
			target = 3007279220CFE3AA00A33AD7 /* EventSystem */;
			targetProxy = 30F1CFC320D2D5EB00664907 /* PBXContainerItemProxy */;
		};
		30F1CFCE20D2DA5A00664907 /* PBXTargetDependency */ = {
			isa = PBXTargetDependency;
			target = 3051905A20C2FDDD001167E8 /* Game */;
			targetProxy = 30F1CFCD20D2DA5A00664907 /* PBXContainerItemProxy */;
		};
		30FEBD0F20DFE7BE008F3879 /* PBXTargetDependency */ = {
			isa = PBXTargetDependency;
			target = 30E514C620DEFB5F004C2314 /* FileIO */;
			targetProxy = 30FEBD0E20DFE7BE008F3879 /* PBXContainerItemProxy */;
		};
		30FEBD4B20E000FC008F3879 /* PBXTargetDependency */ = {
			isa = PBXTargetDependency;
			target = 30FEBD1420E00082008F3879 /* SOIL2 */;
			targetProxy = 30FEBD4A20E000FC008F3879 /* PBXContainerItemProxy */;
		};
/* End PBXTargetDependency section */

/* Begin XCBuildConfiguration section */
		3007279B20CFE3AA00A33AD7 /* Debug */ = {
			isa = XCBuildConfiguration;
			buildSettings = {
				CODE_SIGN_STYLE = Automatic;
				DEVELOPMENT_TEAM = KSG6NDV7ZG;
				EXECUTABLE_PREFIX = lib;
				GCC_ENABLE_CPP_EXCEPTIONS = YES;
				GCC_ENABLE_CPP_RTTI = YES;
				PRODUCT_NAME = "$(TARGET_NAME)";
				SKIP_INSTALL = YES;
			};
			name = Debug;
		};
		3007279C20CFE3AA00A33AD7 /* Release */ = {
			isa = XCBuildConfiguration;
			buildSettings = {
				CODE_SIGN_STYLE = Automatic;
				DEVELOPMENT_TEAM = KSG6NDV7ZG;
				EXECUTABLE_PREFIX = lib;
				GCC_ENABLE_CPP_EXCEPTIONS = YES;
				GCC_ENABLE_CPP_RTTI = YES;
				PRODUCT_NAME = "$(TARGET_NAME)";
				SKIP_INSTALL = YES;
			};
			name = Release;
		};
		304F93F520C493500017F7E3 /* Debug */ = {
			isa = XCBuildConfiguration;
			buildSettings = {
				CLANG_WARN_COMMA = NO;
				CLANG_WARN_DOCUMENTATION_COMMENTS = NO;
				CODE_SIGN_STYLE = Automatic;
				DEVELOPMENT_TEAM = KSG6NDV7ZG;
				EXECUTABLE_PREFIX = lib;
				GCC_ENABLE_CPP_EXCEPTIONS = YES;
				GCC_ENABLE_CPP_RTTI = YES;
				PRODUCT_NAME = "$(TARGET_NAME)";
				SKIP_INSTALL = YES;
			};
			name = Debug;
		};
		304F93F620C493500017F7E3 /* Release */ = {
			isa = XCBuildConfiguration;
			buildSettings = {
				CLANG_WARN_COMMA = NO;
				CLANG_WARN_DOCUMENTATION_COMMENTS = NO;
				CODE_SIGN_STYLE = Automatic;
				DEVELOPMENT_TEAM = KSG6NDV7ZG;
				EXECUTABLE_PREFIX = lib;
				GCC_ENABLE_CPP_EXCEPTIONS = YES;
				GCC_ENABLE_CPP_RTTI = YES;
				PRODUCT_NAME = "$(TARGET_NAME)";
				SKIP_INSTALL = YES;
			};
			name = Release;
		};
		3051906420C2FDDD001167E8 /* Debug */ = {
			isa = XCBuildConfiguration;
			buildSettings = {
				CLANG_WARN_DOCUMENTATION_COMMENTS = NO;
				CODE_SIGN_STYLE = Automatic;
				DEVELOPMENT_TEAM = KSG6NDV7ZG;
				EXECUTABLE_PREFIX = lib;
				GCC_ENABLE_CPP_EXCEPTIONS = YES;
				GCC_ENABLE_CPP_RTTI = YES;
				PRODUCT_NAME = "$(TARGET_NAME)";
				SKIP_INSTALL = YES;
			};
			name = Debug;
		};
		3051906520C2FDDD001167E8 /* Release */ = {
			isa = XCBuildConfiguration;
			buildSettings = {
				CLANG_WARN_DOCUMENTATION_COMMENTS = NO;
				CODE_SIGN_STYLE = Automatic;
				DEVELOPMENT_TEAM = KSG6NDV7ZG;
				EXECUTABLE_PREFIX = lib;
				GCC_ENABLE_CPP_EXCEPTIONS = YES;
				GCC_ENABLE_CPP_RTTI = YES;
				PRODUCT_NAME = "$(TARGET_NAME)";
				SKIP_INSTALL = YES;
			};
			name = Release;
		};
		3051907320C2FE0B001167E8 /* Debug */ = {
			isa = XCBuildConfiguration;
			buildSettings = {
				CLANG_WARN_DOCUMENTATION_COMMENTS = NO;
				CODE_SIGN_STYLE = Automatic;
				DEVELOPMENT_TEAM = KSG6NDV7ZG;
				EXECUTABLE_PREFIX = lib;
				GCC_ENABLE_CPP_EXCEPTIONS = YES;
				GCC_ENABLE_CPP_RTTI = YES;
				PRODUCT_NAME = "$(TARGET_NAME)";
				SKIP_INSTALL = YES;
			};
			name = Debug;
		};
		3051907420C2FE0B001167E8 /* Release */ = {
			isa = XCBuildConfiguration;
			buildSettings = {
				CLANG_WARN_DOCUMENTATION_COMMENTS = NO;
				CODE_SIGN_STYLE = Automatic;
				DEVELOPMENT_TEAM = KSG6NDV7ZG;
				EXECUTABLE_PREFIX = lib;
				GCC_ENABLE_CPP_EXCEPTIONS = YES;
				GCC_ENABLE_CPP_RTTI = YES;
				PRODUCT_NAME = "$(TARGET_NAME)";
				SKIP_INSTALL = YES;
			};
			name = Release;
		};
		306CD68520D574C500394FCF /* Debug */ = {
			isa = XCBuildConfiguration;
			buildSettings = {
				CLANG_WARN_DOCUMENTATION_COMMENTS = NO;
				CODE_SIGN_STYLE = Automatic;
				DEVELOPMENT_TEAM = KSG6NDV7ZG;
				EXECUTABLE_PREFIX = lib;
				GCC_ENABLE_CPP_EXCEPTIONS = YES;
				GCC_ENABLE_CPP_RTTI = YES;
				PRODUCT_NAME = "$(TARGET_NAME)";
				SKIP_INSTALL = YES;
			};
			name = Debug;
		};
		306CD68620D574C500394FCF /* Release */ = {
			isa = XCBuildConfiguration;
			buildSettings = {
				CLANG_WARN_DOCUMENTATION_COMMENTS = NO;
				CODE_SIGN_STYLE = Automatic;
				DEVELOPMENT_TEAM = KSG6NDV7ZG;
				EXECUTABLE_PREFIX = lib;
				GCC_ENABLE_CPP_EXCEPTIONS = YES;
				GCC_ENABLE_CPP_RTTI = YES;
				PRODUCT_NAME = "$(TARGET_NAME)";
				SKIP_INSTALL = YES;
			};
			name = Release;
		};
		3089E70D20BF043D00C46E54 /* Debug */ = {
			isa = XCBuildConfiguration;
			buildSettings = {
				ALWAYS_SEARCH_USER_PATHS = NO;
				CLANG_ANALYZER_NONNULL = YES;
				CLANG_ANALYZER_NUMBER_OBJECT_CONVERSION = YES_AGGRESSIVE;
				CLANG_CXX_LANGUAGE_STANDARD = "gnu++14";
				CLANG_CXX_LIBRARY = "libc++";
				CLANG_ENABLE_MODULES = YES;
				CLANG_ENABLE_OBJC_ARC = YES;
				CLANG_ENABLE_OBJC_WEAK = YES;
				CLANG_WARN_BLOCK_CAPTURE_AUTORELEASING = YES;
				CLANG_WARN_BOOL_CONVERSION = YES;
				CLANG_WARN_COMMA = YES;
				CLANG_WARN_CONSTANT_CONVERSION = YES;
				CLANG_WARN_DEPRECATED_OBJC_IMPLEMENTATIONS = YES;
				CLANG_WARN_DIRECT_OBJC_ISA_USAGE = YES_ERROR;
				CLANG_WARN_DOCUMENTATION_COMMENTS = YES;
				CLANG_WARN_EMPTY_BODY = YES;
				CLANG_WARN_ENUM_CONVERSION = YES;
				CLANG_WARN_INFINITE_RECURSION = YES;
				CLANG_WARN_INT_CONVERSION = YES;
				CLANG_WARN_NON_LITERAL_NULL_CONVERSION = YES;
				CLANG_WARN_OBJC_IMPLICIT_RETAIN_SELF = YES;
				CLANG_WARN_OBJC_LITERAL_CONVERSION = YES;
				CLANG_WARN_OBJC_ROOT_CLASS = YES_ERROR;
				CLANG_WARN_RANGE_LOOP_ANALYSIS = YES;
				CLANG_WARN_STRICT_PROTOTYPES = YES;
				CLANG_WARN_SUSPICIOUS_MOVE = YES;
				CLANG_WARN_UNGUARDED_AVAILABILITY = YES_AGGRESSIVE;
				CLANG_WARN_UNREACHABLE_CODE = YES;
				CLANG_WARN__DUPLICATE_METHOD_MATCH = YES;
				CODE_SIGN_IDENTITY = "Mac Developer";
				COPY_PHASE_STRIP = NO;
				DEBUG_INFORMATION_FORMAT = dwarf;
				ENABLE_STRICT_OBJC_MSGSEND = YES;
				ENABLE_TESTABILITY = YES;
				GCC_C_LANGUAGE_STANDARD = gnu11;
				GCC_DYNAMIC_NO_PIC = NO;
				GCC_NO_COMMON_BLOCKS = YES;
				GCC_OPTIMIZATION_LEVEL = 0;
				GCC_PREPROCESSOR_DEFINITIONS = (
					"DEBUG=1",
					"$(inherited)",
				);
				GCC_WARN_64_TO_32_BIT_CONVERSION = YES;
				GCC_WARN_ABOUT_RETURN_TYPE = YES_ERROR;
				GCC_WARN_UNDECLARED_SELECTOR = YES;
				GCC_WARN_UNINITIALIZED_AUTOS = YES_AGGRESSIVE;
				GCC_WARN_UNUSED_FUNCTION = YES;
				GCC_WARN_UNUSED_VARIABLE = YES;
				HEADER_SEARCH_PATHS = /usr/local/include;
				MACOSX_DEPLOYMENT_TARGET = 10.13;
				MTL_ENABLE_DEBUG_INFO = YES;
				ONLY_ACTIVE_ARCH = YES;
				SDKROOT = macosx;
			};
			name = Debug;
		};
		3089E70E20BF043D00C46E54 /* Release */ = {
			isa = XCBuildConfiguration;
			buildSettings = {
				ALWAYS_SEARCH_USER_PATHS = NO;
				CLANG_ANALYZER_NONNULL = YES;
				CLANG_ANALYZER_NUMBER_OBJECT_CONVERSION = YES_AGGRESSIVE;
				CLANG_CXX_LANGUAGE_STANDARD = "gnu++14";
				CLANG_CXX_LIBRARY = "libc++";
				CLANG_ENABLE_MODULES = YES;
				CLANG_ENABLE_OBJC_ARC = YES;
				CLANG_ENABLE_OBJC_WEAK = YES;
				CLANG_WARN_BLOCK_CAPTURE_AUTORELEASING = YES;
				CLANG_WARN_BOOL_CONVERSION = YES;
				CLANG_WARN_COMMA = YES;
				CLANG_WARN_CONSTANT_CONVERSION = YES;
				CLANG_WARN_DEPRECATED_OBJC_IMPLEMENTATIONS = YES;
				CLANG_WARN_DIRECT_OBJC_ISA_USAGE = YES_ERROR;
				CLANG_WARN_DOCUMENTATION_COMMENTS = YES;
				CLANG_WARN_EMPTY_BODY = YES;
				CLANG_WARN_ENUM_CONVERSION = YES;
				CLANG_WARN_INFINITE_RECURSION = YES;
				CLANG_WARN_INT_CONVERSION = YES;
				CLANG_WARN_NON_LITERAL_NULL_CONVERSION = YES;
				CLANG_WARN_OBJC_IMPLICIT_RETAIN_SELF = YES;
				CLANG_WARN_OBJC_LITERAL_CONVERSION = YES;
				CLANG_WARN_OBJC_ROOT_CLASS = YES_ERROR;
				CLANG_WARN_RANGE_LOOP_ANALYSIS = YES;
				CLANG_WARN_STRICT_PROTOTYPES = YES;
				CLANG_WARN_SUSPICIOUS_MOVE = YES;
				CLANG_WARN_UNGUARDED_AVAILABILITY = YES_AGGRESSIVE;
				CLANG_WARN_UNREACHABLE_CODE = YES;
				CLANG_WARN__DUPLICATE_METHOD_MATCH = YES;
				CODE_SIGN_IDENTITY = "Mac Developer";
				COPY_PHASE_STRIP = NO;
				DEBUG_INFORMATION_FORMAT = "dwarf-with-dsym";
				ENABLE_NS_ASSERTIONS = NO;
				ENABLE_STRICT_OBJC_MSGSEND = YES;
				GCC_C_LANGUAGE_STANDARD = gnu11;
				GCC_NO_COMMON_BLOCKS = YES;
				GCC_WARN_64_TO_32_BIT_CONVERSION = YES;
				GCC_WARN_ABOUT_RETURN_TYPE = YES_ERROR;
				GCC_WARN_UNDECLARED_SELECTOR = YES;
				GCC_WARN_UNINITIALIZED_AUTOS = YES_AGGRESSIVE;
				GCC_WARN_UNUSED_FUNCTION = YES;
				GCC_WARN_UNUSED_VARIABLE = YES;
				HEADER_SEARCH_PATHS = /usr/local/include;
				MACOSX_DEPLOYMENT_TARGET = 10.13;
				MTL_ENABLE_DEBUG_INFO = NO;
				SDKROOT = macosx;
			};
			name = Release;
		};
		3089E71020BF043D00C46E54 /* Debug */ = {
			isa = XCBuildConfiguration;
			buildSettings = {
				CLANG_WARN_DOCUMENTATION_COMMENTS = NO;
				CODE_SIGN_STYLE = Automatic;
				DEVELOPMENT_TEAM = KSG6NDV7ZG;
				LIBRARY_SEARCH_PATHS = (
					"$(inherited)",
					/usr/local/Cellar/glew/2.1.0/lib,
					/usr/local/Cellar/glfw/3.2.1/lib,
					"$(SDKROOT)$(SYSTEM_LIBRARY_DIR)/PrivateFrameworks/Swift",
				);
				PRODUCT_NAME = "$(TARGET_NAME)";
			};
			name = Debug;
		};
		3089E71120BF043D00C46E54 /* Release */ = {
			isa = XCBuildConfiguration;
			buildSettings = {
				CLANG_WARN_DOCUMENTATION_COMMENTS = NO;
				CODE_SIGN_STYLE = Automatic;
				DEVELOPMENT_TEAM = KSG6NDV7ZG;
				LIBRARY_SEARCH_PATHS = (
					"$(inherited)",
					/usr/local/Cellar/glew/2.1.0/lib,
					/usr/local/Cellar/glfw/3.2.1/lib,
					"$(SDKROOT)$(SYSTEM_LIBRARY_DIR)/PrivateFrameworks/Swift",
				);
				PRODUCT_NAME = "$(TARGET_NAME)";
			};
			name = Release;
		};
		3089E77320BF2A8A00C46E54 /* Debug */ = {
			isa = XCBuildConfiguration;
			buildSettings = {
				CLANG_ENABLE_MODULES = YES;
				CLANG_WARN_COMMA = NO;
				CLANG_WARN_DOCUMENTATION_COMMENTS = NO;
				CODE_SIGN_STYLE = Automatic;
				DEVELOPMENT_TEAM = KSG6NDV7ZG;
				EXECUTABLE_PREFIX = lib;
				GCC_ENABLE_CPP_EXCEPTIONS = YES;
				GCC_ENABLE_CPP_RTTI = YES;
				LD_RUNPATH_SEARCH_PATHS = (
					"$(inherited)",
					"@executable_path/../Frameworks",
					"@loader_path/../Frameworks",
				);
				LIBRARY_SEARCH_PATHS = (
					"$(inherited)",
					/usr/local/Cellar/glfw/3.2.1/lib,
					/usr/local/Cellar/glew/2.1.0/lib,
				);
				PRODUCT_NAME = "$(TARGET_NAME)";
				SKIP_INSTALL = YES;
				SWIFT_OPTIMIZATION_LEVEL = "-Onone";
				SWIFT_VERSION = 3.0;
			};
			name = Debug;
		};
		3089E77420BF2A8A00C46E54 /* Release */ = {
			isa = XCBuildConfiguration;
			buildSettings = {
				CLANG_ENABLE_MODULES = YES;
				CLANG_WARN_COMMA = NO;
				CLANG_WARN_DOCUMENTATION_COMMENTS = NO;
				CODE_SIGN_STYLE = Automatic;
				DEVELOPMENT_TEAM = KSG6NDV7ZG;
				EXECUTABLE_PREFIX = lib;
				GCC_ENABLE_CPP_EXCEPTIONS = YES;
				GCC_ENABLE_CPP_RTTI = YES;
				LD_RUNPATH_SEARCH_PATHS = (
					"$(inherited)",
					"@executable_path/../Frameworks",
					"@loader_path/../Frameworks",
				);
				LIBRARY_SEARCH_PATHS = (
					"$(inherited)",
					/usr/local/Cellar/glfw/3.2.1/lib,
					/usr/local/Cellar/glew/2.1.0/lib,
				);
				PRODUCT_NAME = "$(TARGET_NAME)";
				SKIP_INSTALL = YES;
				SWIFT_VERSION = 3.0;
			};
			name = Release;
		};
		30D5100920F69A6F0053BD71 /* Debug */ = {
			isa = XCBuildConfiguration;
			buildSettings = {
				CODE_SIGN_STYLE = Automatic;
				DEVELOPMENT_TEAM = KSG6NDV7ZG;
				EXECUTABLE_PREFIX = lib;
				GCC_ENABLE_CPP_EXCEPTIONS = YES;
				GCC_ENABLE_CPP_RTTI = YES;
				PRODUCT_NAME = "$(TARGET_NAME)";
				SKIP_INSTALL = YES;
			};
			name = Debug;
		};
		30D5100A20F69A6F0053BD71 /* Release */ = {
			isa = XCBuildConfiguration;
			buildSettings = {
				CODE_SIGN_STYLE = Automatic;
				DEVELOPMENT_TEAM = KSG6NDV7ZG;
				EXECUTABLE_PREFIX = lib;
				GCC_ENABLE_CPP_EXCEPTIONS = YES;
				GCC_ENABLE_CPP_RTTI = YES;
				PRODUCT_NAME = "$(TARGET_NAME)";
				SKIP_INSTALL = YES;
			};
			name = Release;
		};
		30E514D020DEFB5F004C2314 /* Debug */ = {
			isa = XCBuildConfiguration;
			buildSettings = {
				CLANG_WARN_CONSTANT_CONVERSION = YES;
				CODE_SIGN_STYLE = Automatic;
				DEVELOPMENT_TEAM = KSG6NDV7ZG;
				EXECUTABLE_PREFIX = lib;
				GCC_ENABLE_CPP_EXCEPTIONS = YES;
				GCC_ENABLE_CPP_RTTI = YES;
				PRODUCT_NAME = "$(TARGET_NAME)";
				SKIP_INSTALL = YES;
			};
			name = Debug;
		};
		30E514D120DEFB5F004C2314 /* Release */ = {
			isa = XCBuildConfiguration;
			buildSettings = {
				CLANG_WARN_CONSTANT_CONVERSION = YES;
				CODE_SIGN_STYLE = Automatic;
				DEVELOPMENT_TEAM = KSG6NDV7ZG;
				EXECUTABLE_PREFIX = lib;
				GCC_ENABLE_CPP_EXCEPTIONS = YES;
				GCC_ENABLE_CPP_RTTI = YES;
				PRODUCT_NAME = "$(TARGET_NAME)";
				SKIP_INSTALL = YES;
			};
			name = Release;
		};
		30FEBD1D20E00082008F3879 /* Debug */ = {
			isa = XCBuildConfiguration;
			buildSettings = {
				CLANG_WARN_COMMA = NO;
				CLANG_WARN_DOCUMENTATION_COMMENTS = NO;
				CODE_SIGN_STYLE = Automatic;
				DEVELOPMENT_TEAM = KSG6NDV7ZG;
				EXECUTABLE_PREFIX = lib;
				GCC_ENABLE_CPP_EXCEPTIONS = YES;
				GCC_ENABLE_CPP_RTTI = YES;
				PRODUCT_NAME = "$(TARGET_NAME)";
				SKIP_INSTALL = YES;
			};
			name = Debug;
		};
		30FEBD1E20E00082008F3879 /* Release */ = {
			isa = XCBuildConfiguration;
			buildSettings = {
				CLANG_WARN_COMMA = NO;
				CLANG_WARN_DOCUMENTATION_COMMENTS = NO;
				CODE_SIGN_STYLE = Automatic;
				DEVELOPMENT_TEAM = KSG6NDV7ZG;
				EXECUTABLE_PREFIX = lib;
				GCC_ENABLE_CPP_EXCEPTIONS = YES;
				GCC_ENABLE_CPP_RTTI = YES;
				PRODUCT_NAME = "$(TARGET_NAME)";
				SKIP_INSTALL = YES;
			};
			name = Release;
		};
/* End XCBuildConfiguration section */

/* Begin XCConfigurationList section */
		3007279D20CFE3AA00A33AD7 /* Build configuration list for PBXNativeTarget "EventSystem" */ = {
			isa = XCConfigurationList;
			buildConfigurations = (
				3007279B20CFE3AA00A33AD7 /* Debug */,
				3007279C20CFE3AA00A33AD7 /* Release */,
			);
			defaultConfigurationIsVisible = 0;
			defaultConfigurationName = Release;
		};
		304F93F420C493500017F7E3 /* Build configuration list for PBXNativeTarget "Utilities" */ = {
			isa = XCConfigurationList;
			buildConfigurations = (
				304F93F520C493500017F7E3 /* Debug */,
				304F93F620C493500017F7E3 /* Release */,
			);
			defaultConfigurationIsVisible = 0;
			defaultConfigurationName = Release;
		};
		3051906320C2FDDD001167E8 /* Build configuration list for PBXNativeTarget "Game" */ = {
			isa = XCConfigurationList;
			buildConfigurations = (
				3051906420C2FDDD001167E8 /* Debug */,
				3051906520C2FDDD001167E8 /* Release */,
			);
			defaultConfigurationIsVisible = 0;
			defaultConfigurationName = Release;
		};
		3051907220C2FE0B001167E8 /* Build configuration list for PBXNativeTarget "Maths" */ = {
			isa = XCConfigurationList;
			buildConfigurations = (
				3051907320C2FE0B001167E8 /* Debug */,
				3051907420C2FE0B001167E8 /* Release */,
			);
			defaultConfigurationIsVisible = 0;
			defaultConfigurationName = Release;
		};
		306CD68420D574C500394FCF /* Build configuration list for PBXNativeTarget "Interface" */ = {
			isa = XCConfigurationList;
			buildConfigurations = (
				306CD68520D574C500394FCF /* Debug */,
				306CD68620D574C500394FCF /* Release */,
			);
			defaultConfigurationIsVisible = 0;
			defaultConfigurationName = Release;
		};
		3089E70320BF043D00C46E54 /* Build configuration list for PBXProject "GameEngine" */ = {
			isa = XCConfigurationList;
			buildConfigurations = (
				3089E70D20BF043D00C46E54 /* Debug */,
				3089E70E20BF043D00C46E54 /* Release */,
			);
			defaultConfigurationIsVisible = 0;
			defaultConfigurationName = Release;
		};
		3089E70F20BF043D00C46E54 /* Build configuration list for PBXNativeTarget "Initialization" */ = {
			isa = XCConfigurationList;
			buildConfigurations = (
				3089E71020BF043D00C46E54 /* Debug */,
				3089E71120BF043D00C46E54 /* Release */,
			);
			defaultConfigurationIsVisible = 0;
			defaultConfigurationName = Release;
		};
		3089E77220BF2A8A00C46E54 /* Build configuration list for PBXNativeTarget "Graphics" */ = {
			isa = XCConfigurationList;
			buildConfigurations = (
				3089E77320BF2A8A00C46E54 /* Debug */,
				3089E77420BF2A8A00C46E54 /* Release */,
			);
			defaultConfigurationIsVisible = 0;
			defaultConfigurationName = Release;
		};
		30D5100B20F69A6F0053BD71 /* Build configuration list for PBXNativeTarget "Scene" */ = {
			isa = XCConfigurationList;
			buildConfigurations = (
				30D5100920F69A6F0053BD71 /* Debug */,
				30D5100A20F69A6F0053BD71 /* Release */,
			);
			defaultConfigurationIsVisible = 0;
			defaultConfigurationName = Release;
		};
		30E514CF20DEFB5F004C2314 /* Build configuration list for PBXNativeTarget "FileIO" */ = {
			isa = XCConfigurationList;
			buildConfigurations = (
				30E514D020DEFB5F004C2314 /* Debug */,
				30E514D120DEFB5F004C2314 /* Release */,
			);
			defaultConfigurationIsVisible = 0;
			defaultConfigurationName = Release;
		};
		30FEBD1F20E00082008F3879 /* Build configuration list for PBXNativeTarget "SOIL2" */ = {
			isa = XCConfigurationList;
			buildConfigurations = (
				30FEBD1D20E00082008F3879 /* Debug */,
				30FEBD1E20E00082008F3879 /* Release */,
			);
			defaultConfigurationIsVisible = 0;
			defaultConfigurationName = Release;
		};
/* End XCConfigurationList section */
	};
	rootObject = 3089E70020BF043D00C46E54 /* Project object */;
}
